
Microsoft Visual Studio Solution File, Format Version 12.00
# Visual Studio 15
VisualStudioVersion = 15.0.28010.2026
MinimumVisualStudioVersion = 10.0.40219.1
Project("{2150E333-8FDC-42A3-9474-1A3956D46DE8}") = "BasicProgramming", "BasicProgramming", "{3F4F6CC7-DB40-4FC9-84CA-45BF19E266BE}"
EndProject
Project("{2150E333-8FDC-42A3-9474-1A3956D46DE8}") = "InputOutput", "InputOutput", "{6D35131E-140A-4139-88F3-B9B02B488422}"
EndProject
Project("{FAE04EC0-301F-11D3-BF4B-00C04F79EFBC}") = "SeatingArrangement", "SeatingArrangement\SeatingArrangement.csproj", "{680225C3-1FF7-423F-820E-123B2C5BCF5A}"
EndProject
Project("{FAE04EC0-301F-11D3-BF4B-00C04F79EFBC}") = "Anagrams", "Anagrams\Anagrams.csproj", "{41DBB3BA-EBDD-4CB7-8295-37DBC5261C61}"
EndProject
Project("{FAE04EC0-301F-11D3-BF4B-00C04F79EFBC}") = "PalindromicString", "PalindromicString\PalindromicString.csproj", "{9CDEA2EE-4AA5-45C8-83FC-34533DF63008}"
EndProject
Project("{FAE04EC0-301F-11D3-BF4B-00C04F79EFBC}") = "FindProduct", "FindProduct\FindProduct.csproj", "{C82380D3-D7C1-48AA-9D20-B49B53463D69}"
EndProject
Project("{FAE04EC0-301F-11D3-BF4B-00C04F79EFBC}") = "CostOfBalloons", "CostOfBalloons\CostOfBalloons.csproj", "{16D74626-E65F-4A46-B007-0628E90808CF}"
EndProject
Project("{FAE04EC0-301F-11D3-BF4B-00C04F79EFBC}") = "CountDivisors", "CountDivisors\CountDivisors.csproj", "{DB2C0EFD-4E74-4AAC-9DB2-4482B49558D5}"
EndProject
Global
	GlobalSection(SolutionConfigurationPlatforms) = preSolution
		Debug|Any CPU = Debug|Any CPU
		Release|Any CPU = Release|Any CPU
	EndGlobalSection
	GlobalSection(ProjectConfigurationPlatforms) = postSolution
		{680225C3-1FF7-423F-820E-123B2C5BCF5A}.Debug|Any CPU.ActiveCfg = Debug|Any CPU
		{680225C3-1FF7-423F-820E-123B2C5BCF5A}.Debug|Any CPU.Build.0 = Debug|Any CPU
		{680225C3-1FF7-423F-820E-123B2C5BCF5A}.Release|Any CPU.ActiveCfg = Release|Any CPU
		{680225C3-1FF7-423F-820E-123B2C5BCF5A}.Release|Any CPU.Build.0 = Release|Any CPU
		{41DBB3BA-EBDD-4CB7-8295-37DBC5261C61}.Debug|Any CPU.ActiveCfg = Debug|Any CPU
		{41DBB3BA-EBDD-4CB7-8295-37DBC5261C61}.Debug|Any CPU.Build.0 = Debug|Any CPU
		{41DBB3BA-EBDD-4CB7-8295-37DBC5261C61}.Release|Any CPU.ActiveCfg = Release|Any CPU
		{41DBB3BA-EBDD-4CB7-8295-37DBC5261C61}.Release|Any CPU.Build.0 = Release|Any CPU
		{9CDEA2EE-4AA5-45C8-83FC-34533DF63008}.Debug|Any CPU.ActiveCfg = Debug|Any CPU
		{9CDEA2EE-4AA5-45C8-83FC-34533DF63008}.Debug|Any CPU.Build.0 = Debug|Any CPU
		{9CDEA2EE-4AA5-45C8-83FC-34533DF63008}.Release|Any CPU.ActiveCfg = Release|Any CPU
		{9CDEA2EE-4AA5-45C8-83FC-34533DF63008}.Release|Any CPU.Build.0 = Release|Any CPU
		{C82380D3-D7C1-48AA-9D20-B49B53463D69}.Debug|Any CPU.ActiveCfg = Debug|Any CPU
		{C82380D3-D7C1-48AA-9D20-B49B53463D69}.Debug|Any CPU.Build.0 = Debug|Any CPU
		{C82380D3-D7C1-48AA-9D20-B49B53463D69}.Release|Any CPU.ActiveCfg = Release|Any CPU
		{C82380D3-D7C1-48AA-9D20-B49B53463D69}.Release|Any CPU.Build.0 = Release|Any CPU
		{16D74626-E65F-4A46-B007-0628E90808CF}.Debug|Any CPU.ActiveCfg = Debug|Any CPU
		{16D74626-E65F-4A46-B007-0628E90808CF}.Debug|Any CPU.Build.0 = Debug|Any CPU
		{16D74626-E65F-4A46-B007-0628E90808CF}.Release|Any CPU.ActiveCfg = Release|Any CPU
		{16D74626-E65F-4A46-B007-0628E90808CF}.Release|Any CPU.Build.0 = Release|Any CPU
		{DB2C0EFD-4E74-4AAC-9DB2-4482B49558D5}.Debug|Any CPU.ActiveCfg = Debug|Any CPU
		{DB2C0EFD-4E74-4AAC-9DB2-4482B49558D5}.Debug|Any CPU.Build.0 = Debug|Any CPU
		{DB2C0EFD-4E74-4AAC-9DB2-4482B49558D5}.Release|Any CPU.ActiveCfg = Release|Any CPU
		{DB2C0EFD-4E74-4AAC-9DB2-4482B49558D5}.Release|Any CPU.Build.0 = Release|Any CPU
	EndGlobalSection
	GlobalSection(SolutionProperties) = preSolution
		HideSolutionNode = FALSE
	EndGlobalSection
	GlobalSection(NestedProjects) = preSolution
		{6D35131E-140A-4139-88F3-B9B02B488422} = {3F4F6CC7-DB40-4FC9-84CA-45BF19E266BE}
		{680225C3-1FF7-423F-820E-123B2C5BCF5A} = {6D35131E-140A-4139-88F3-B9B02B488422}
		{41DBB3BA-EBDD-4CB7-8295-37DBC5261C61} = {6D35131E-140A-4139-88F3-B9B02B488422}
		{9CDEA2EE-4AA5-45C8-83FC-34533DF63008} = {6D35131E-140A-4139-88F3-B9B02B488422}
		{C82380D3-D7C1-48AA-9D20-B49B53463D69} = {6D35131E-140A-4139-88F3-B9B02B488422}
		{16D74626-E65F-4A46-B007-0628E90808CF} = {6D35131E-140A-4139-88F3-B9B02B488422}
		{DB2C0EFD-4E74-4AAC-9DB2-4482B49558D5} = {6D35131E-140A-4139-88F3-B9B02B488422}
	EndGlobalSection
	GlobalSection(ExtensibilityGlobals) = postSolution
		SolutionGuid = {93CDDBDB-DB8F-43E8-BB1F-D3B36832D70E}
	EndGlobalSection
EndGlobal
