
Microsoft Visual Studio Solution File, Format Version 12.00
# Visual Studio 15
VisualStudioVersion = 15.0.28010.2026
MinimumVisualStudioVersion = 10.0.40219.1
Project("{2150E333-8FDC-42A3-9474-1A3956D46DE8}") = "BasicProgramming", "BasicProgramming", "{3F4F6CC7-DB40-4FC9-84CA-45BF19E266BE}"
EndProject
Project("{2150E333-8FDC-42A3-9474-1A3956D46DE8}") = "InputOutput", "InputOutput", "{6D35131E-140A-4139-88F3-B9B02B488422}"
EndProject
Project("{FAE04EC0-301F-11D3-BF4B-00C04F79EFBC}") = "SeatingArrangement", "BasicProgramming\InputOutput\SeatingArrangement\SeatingArrangement.csproj", "{680225C3-1FF7-423F-820E-123B2C5BCF5A}"
EndProject
Project("{FAE04EC0-301F-11D3-BF4B-00C04F79EFBC}") = "Anagrams", "BasicProgramming\InputOutput\Anagrams\Anagrams.csproj", "{41DBB3BA-EBDD-4CB7-8295-37DBC5261C61}"
EndProject
Project("{FAE04EC0-301F-11D3-BF4B-00C04F79EFBC}") = "PalindromicString", "BasicProgramming\InputOutput\PalindromicString\PalindromicString.csproj", "{9CDEA2EE-4AA5-45C8-83FC-34533DF63008}"
EndProject
Project("{FAE04EC0-301F-11D3-BF4B-00C04F79EFBC}") = "FindProduct", "BasicProgramming\InputOutput\FindProduct\FindProduct.csproj", "{C82380D3-D7C1-48AA-9D20-B49B53463D69}"
EndProject
Project("{FAE04EC0-301F-11D3-BF4B-00C04F79EFBC}") = "CostOfBalloons", "BasicProgramming\InputOutput\CostOfBalloons\CostOfBalloons.csproj", "{16D74626-E65F-4A46-B007-0628E90808CF}"
EndProject
Project("{FAE04EC0-301F-11D3-BF4B-00C04F79EFBC}") = "CountDivisors", "BasicProgramming\InputOutput\CountDivisors\CountDivisors.csproj", "{DB2C0EFD-4E74-4AAC-9DB2-4482B49558D5}"
EndProject
Project("{FAE04EC0-301F-11D3-BF4B-00C04F79EFBC}") = "Factorial", "BasicProgramming\InputOutput\Factorial\Factorial.csproj", "{5F9800F1-FC7D-4B2B-A10C-05DB3F5AD839}"
EndProject
Project("{FAE04EC0-301F-11D3-BF4B-00C04F79EFBC}") = "ToggleString", "BasicProgramming\InputOutput\ToggleString\ToggleString.csproj", "{CD6B7306-FB49-4EF2-9DE4-65293FCAB42F}"
EndProject
Project("{FAE04EC0-301F-11D3-BF4B-00C04F79EFBC}") = "RoyAndProfilePicture", "BasicProgramming\InputOutput\RoyAndProfilePicture\RoyAndProfilePicture.csproj", "{7D1AD4CC-5101-44EB-AFDC-A3A8DBE9E8C5}"
EndProject
Project("{FAE04EC0-301F-11D3-BF4B-00C04F79EFBC}") = "EmazeIn", "BasicProgramming\InputOutput\EmazeIn\EmazeIn.csproj", "{F3707DE4-525B-406C-AAEB-2FA35AB4B03B}"
EndProject
Project("{FAE04EC0-301F-11D3-BF4B-00C04F79EFBC}") = "BricksGame", "BasicProgramming\InputOutput\BricksGame\BricksGame.csproj", "{F303447E-A70B-4D4E-8FB9-C85DEC3C9A46}"
EndProject
Project("{FAE04EC0-301F-11D3-BF4B-00C04F79EFBC}") = "LiftQueries", "BasicProgramming\InputOutput\LiftQueries\LiftQueries.csproj", "{63B9DB8E-7923-4099-9622-890FD5C8FAEE}"
EndProject
Project("{FAE04EC0-301F-11D3-BF4B-00C04F79EFBC}") = "TwoStrings", "BasicProgramming\InputOutput\TwoStrings\TwoStrings.csproj", "{89CA0BFC-DC2A-4B45-BB68-4E991E02340A}"
EndProject
Project("{FAE04EC0-301F-11D3-BF4B-00C04F79EFBC}") = "AliAndHelpingInnocentPeople", "BasicProgramming\InputOutput\AliAndHelpingInnocentPeople\AliAndHelpingInnocentPeople.csproj", "{5B4FC235-55ED-4EBA-87C4-78F4EB12EABF}"
EndProject
Project("{FAE04EC0-301F-11D3-BF4B-00C04F79EFBC}") = "Duration", "BasicProgramming\InputOutput\Duration\Duration.csproj", "{9EBB6474-DA5F-4E61-A65F-893073DC9CB2}"
EndProject
Project("{FAE04EC0-301F-11D3-BF4B-00C04F79EFBC}") = "BookOfPotionMaking", "BasicProgramming\InputOutput\BookOfPotionMaking\BookOfPotionMaking.csproj", "{71395F86-1F9D-47D3-BDAA-11AE3B1DEAB5}"
EndProject
Project("{FAE04EC0-301F-11D3-BF4B-00C04F79EFBC}") = "Hello", "BasicProgramming\InputOutput\Hello\Hello.csproj", "{4E5BB469-12CF-475B-AA1E-08B0BA9BC561}"
EndProject
Project("{FAE04EC0-301F-11D3-BF4B-00C04F79EFBC}") = "AmanAndMrSharma", "BasicProgramming\InputOutput\AmanAndMrSharma\AmanAndMrSharma.csproj", "{D8D63D25-2F5A-43F0-B767-14F0AB02AD74}"
EndProject
Project("{FAE04EC0-301F-11D3-BF4B-00C04F79EFBC}") = "GokiAndHisBreakup", "BasicProgramming\InputOutput\GokiAndHisBreakup\GokiAndHisBreakup.csproj", "{E0566EFC-4DA7-469A-AD59-8CEB3BD78E63}"
EndProject
Project("{FAE04EC0-301F-11D3-BF4B-00C04F79EFBC}") = "LifeTheUniverseAndEverything", "BasicProgramming\InputOutput\LifeTheUniverseAndEverything\LifeTheUniverseAndEverything.csproj", "{5243E52A-3868-4CD6-B86B-323B1093CEF8}"
EndProject
Project("{FAE04EC0-301F-11D3-BF4B-00C04F79EFBC}") = "Ladderophilia", "BasicProgramming\InputOutput\Ladderophilia\Ladderophilia.csproj", "{0A789C22-D0AD-4DB4-A737-5C5AF131E93B}"
EndProject
Project("{FAE04EC0-301F-11D3-BF4B-00C04F79EFBC}") = "CharSum", "BasicProgramming\InputOutput\CharSum\CharSum.csproj", "{3592AF73-3A10-4256-BF7B-CE2CADBD4B50}"
EndProject
Project("{FAE04EC0-301F-11D3-BF4B-00C04F79EFBC}") = "PlayWithNumbers", "BasicProgramming\InputOutput\PlayWithNumbers\PlayWithNumbers.csproj", "{ED3FBCDE-0D1F-4BFA-8F87-76074216B1C3}"
EndProject
Project("{FAE04EC0-301F-11D3-BF4B-00C04F79EFBC}") = "SevenSegmentDisplay", "BasicProgramming\InputOutput\SevenSegmentDisplay\SevenSegmentDisplay.csproj", "{E78FE033-8835-42E2-A3A2-5F96A13FE546}"
EndProject
Project("{FAE04EC0-301F-11D3-BF4B-00C04F79EFBC}") = "BestIndex", "BasicProgramming\InputOutput\BestIndex\BestIndex.csproj", "{71C9D6A3-CF02-43C2-A6DF-E88C3F514D9C}"
EndProject
Project("{FAE04EC0-301F-11D3-BF4B-00C04F79EFBC}") = "Cipher", "BasicProgramming\InputOutput\Cipher\Cipher.csproj", "{2DD6D63B-C84E-493F-B4E9-AF41B6B6749D}"
EndProject
Project("{FAE04EC0-301F-11D3-BF4B-00C04F79EFBC}") = "MinimizeCost", "BasicProgramming\InputOutput\MinimizeCost\MinimizeCost.csproj", "{A306A14F-5F88-4234-BDC3-F63EADFF3DF6}"
EndProject
Project("{FAE04EC0-301F-11D3-BF4B-00C04F79EFBC}") = "MagicalWord", "BasicProgramming\InputOutput\MagicalWord\MagicalWord.csproj", "{A9C5BF75-BBE2-4E8E-94D1-AD26DEE05E5E}"
EndProject
Project("{2150E333-8FDC-42A3-9474-1A3956D46DE8}") = "TimeAndSpaceComplexity", "TimeAndSpaceComplexity", "{E8E0AC3F-9556-42B7-A4EE-94B0D441DFE8}"
EndProject
Project("{FAE04EC0-301F-11D3-BF4B-00C04F79EFBC}") = "VowelRecognition", "BasicProgramming\TimeAndSpaceComplexity\VowelRecognition\VowelRecognition.csproj", "{EEC93FFA-98CF-4650-AC6D-5DF87B9EE6CE}"
EndProject
Project("{2150E333-8FDC-42A3-9474-1A3956D46DE8}") = "Basics of Operators", "Basics of Operators", "{F75D537F-BFF4-4E99-9DE4-942AB4547BE1}"
EndProject
Project("{FAE04EC0-301F-11D3-BF4B-00C04F79EFBC}") = "LetUsUnderstandComputer", "BasicProgramming\Basics of operators\LetUsUnderstandComputer\LetUsUnderstandComputer.csproj", "{1FB7E9C8-CF2C-4269-8A10-35D1E1F6D7CE}"
EndProject
Project("{FAE04EC0-301F-11D3-BF4B-00C04F79EFBC}") = "BirthdayParty", "BasicProgramming\Basics of operators\BirthdayParty\BirthdayParty.csproj", "{7DB32985-EE36-4424-AFB4-2E2345ABDE66}"
EndProject
Project("{FAE04EC0-301F-11D3-BF4B-00C04F79EFBC}") = "YetAnotherPartitionProblem", "BasicProgramming\Basics of operators\YetAnotherPartitionProblem\YetAnotherPartitionProblem.csproj", "{0E02B79A-4861-4E25-A5DD-30F58677691C}"
EndProject
Project("{2150E333-8FDC-42A3-9474-1A3956D46DE8}") = "BasicsOfBitManipulation", "BasicsOfBitManipulation", "{EE2916D1-C1ED-4EBB-8E54-16A2FA7D36CC}"
EndProject
Project("{FAE04EC0-301F-11D3-BF4B-00C04F79EFBC}") = "Mystery", "BasicProgramming\BasicsOfBitManipulation\Mystery\Mystery.csproj", "{F74B6C44-9365-4979-B549-B63837692C1A}"
EndProject
Project("{FAE04EC0-301F-11D3-BF4B-00C04F79EFBC}") = "SubhamAndBinaryStrings", "BasicProgramming\BasicsOfBitManipulation\SubhamAndBinaryStrings\SubhamAndBinaryStrings.csproj", "{7A0D662F-B021-4DD0-B252-177DBD1D070E}"
EndProject
Project("{FAE04EC0-301F-11D3-BF4B-00C04F79EFBC}") = "MonkAndTheBoxOfCookies", "BasicProgramming\BasicsOfBitManipulation\MonkAndTheBoxOfCookies\MonkAndTheBoxOfCookies.csproj", "{39D19382-0420-4998-8630-7F527973DEB9}"
EndProject
Project("{FAE04EC0-301F-11D3-BF4B-00C04F79EFBC}") = "TheCastleGate", "BasicProgramming\BasicsOfBitManipulation\TheCastleGate\TheCastleGate.csproj", "{D69C5616-81E8-4C6D-9725-2742656233D0}"
EndProject
Project("{FAE04EC0-301F-11D3-BF4B-00C04F79EFBC}") = "HelpYourRoommate", "BasicProgramming\BasicsOfBitManipulation\HelpYourRoommate\HelpYourRoommate.csproj", "{1F8BE10F-72C2-4D33-A784-FA0431DB69A9}"
EndProject
Project("{2150E333-8FDC-42A3-9474-1A3956D46DE8}") = "Recursion and Backtracking", "Recursion and Backtracking", "{926534E1-3DE2-421D-ADE7-FC87983DB19A}"
EndProject
Project("{FAE04EC0-301F-11D3-BF4B-00C04F79EFBC}") = "GCDStrings", "BasicProgramming\Recursion and Backtracking\GCDStrings\GCDStrings.csproj", "{6BE98DCC-CF3D-4BF3-82F9-5279DED1A9C2}"
EndProject
Project("{2150E333-8FDC-42A3-9474-1A3956D46DE8}") = "Arena", "Arena", "{45CC8B8A-FAC7-49DE-91E6-72B116DBC812}"
EndProject
Project("{FAE04EC0-301F-11D3-BF4B-00C04F79EFBC}") = "TheBlessing", "Arena\TheBlessing\TheBlessing.csproj", "{F013A3F3-264D-46AF-9AED-CE9BCE93387B}"
EndProject
Project("{2150E333-8FDC-42A3-9474-1A3956D46DE8}") = "DataStructures", "DataStructures", "{95811617-0334-4686-BBE5-4EE045BAEBFD}"
EndProject
Project("{2150E333-8FDC-42A3-9474-1A3956D46DE8}") = "Arrays", "Arrays", "{64917CB7-8845-4452-A828-AB084F4131C1}"
EndProject
Project("{2150E333-8FDC-42A3-9474-1A3956D46DE8}") = "1D", "1D", "{731385C9-FCAC-409B-8F94-E7BC4BD1693F}"
EndProject
Project("{FAE04EC0-301F-11D3-BF4B-00C04F79EFBC}") = "MemorizeMe", "DataStructures\Arrays\1D\MemorizeMe\MemorizeMe.csproj", "{C2F17CEE-2DD5-4E4B-8A98-816A40D55734}"
EndProject
Project("{FAE04EC0-301F-11D3-BF4B-00C04F79EFBC}") = "BinaryQueries", "DataStructures\Arrays\1D\BinaryQueries\BinaryQueries.csproj", "{52FCEC1B-49E9-4425-8BB1-847FE675D3D5}"
EndProject
Project("{FAE04EC0-301F-11D3-BF4B-00C04F79EFBC}") = "MonkAndWelcomeProblem", "DataStructures\Arrays\1D\MonkAndWelcomeProblem\MonkAndWelcomeProblem.csproj", "{DDB2C26A-AC6F-4FD4-AF73-B6F159BCE914}"
EndProject
Project("{FAE04EC0-301F-11D3-BF4B-00C04F79EFBC}") = "MicroAndArrayUpdate", "DataStructures\Arrays\1D\MicroAndArrayUpdate\MicroAndArrayUpdate.csproj", "{E92170FE-AB93-49D9-B989-FC69B4FB8D35}"
EndProject
Project("{FAE04EC0-301F-11D3-BF4B-00C04F79EFBC}") = "HamiltonianAndLagrangian", "DataStructures\Arrays\1D\HamiltonianAndLagrangian\HamiltonianAndLagrangian.csproj", "{91A0A535-ED93-4182-B5B6-5EAD74465292}"
EndProject
Project("{FAE04EC0-301F-11D3-BF4B-00C04F79EFBC}") = "ChargedUpArray", "DataStructures\Arrays\1D\ChargedUpArray\ChargedUpArray.csproj", "{5C474CD7-429D-4C4D-95B2-4346FA1C9BAE}"
EndProject
Project("{2150E333-8FDC-42A3-9474-1A3956D46DE8}") = "Challenges", "Challenges", "{8C1F52C8-1A0F-4B43-AFFB-F1FE4ED0A3E6}"
EndProject
Project("{2150E333-8FDC-42A3-9474-1A3956D46DE8}") = "HourStorm", "HourStorm", "{7321A45E-9671-439E-B153-15945693154E}"
EndProject
Project("{FAE04EC0-301F-11D3-BF4B-00C04F79EFBC}") = "TwoArrays", "Challenges\HourStorm\TwoArrays\TwoArrays.csproj", "{7E3077C9-E980-4A5E-B7DB-32E00D9E155D}"
EndProject
Project("{FAE04EC0-301F-11D3-BF4B-00C04F79EFBC}") = "TicTacToe", "Challenges\HourStorm\TicTacToe\TicTacToe.csproj", "{0310D532-BF1F-4FEA-9907-62BC313144EF}"
EndProject
Project("{FAE04EC0-301F-11D3-BF4B-00C04F79EFBC}") = "PolygonPossibility", "DataStructures\Arrays\1D\PolygonPossibility\PolygonPossibility.csproj", "{ECBABADF-DB5F-47DD-9BB4-7F3AC5E2C207}"
EndProject
Project("{FAE04EC0-301F-11D3-BF4B-00C04F79EFBC}") = "NeutralisationOfCharges", "DataStructures\Arrays\1D\NeutralisationOfCharges\NeutralisationOfCharges.csproj", "{062BDD6E-ACF9-4DC8-AB52-1C6EE6021361}"
EndProject
Project("{FAE04EC0-301F-11D3-BF4B-00C04F79EFBC}") = "MonkAndThePowerOfTime", "DataStructures\Arrays\1D\MonkAndThePowerOfTime\MonkAndThePowerOfTime.csproj", "{30047F9A-8FAD-4AEC-87DC-FE4590A92B37}"
EndProject
Project("{FAE04EC0-301F-11D3-BF4B-00C04F79EFBC}") = "LongATMQueue", "DataStructures\Arrays\1D\LongATMQueue\LongATMQueue.csproj", "{081BC6A4-EC71-498E-AAE8-71BC42CC5A3B}"
EndProject
Project("{FAE04EC0-301F-11D3-BF4B-00C04F79EFBC}") = "HelpJarvis!", "DataStructures\Arrays\1D\HelpJarvis!\HelpJarvis!.csproj", "{ABBA52C3-FEC2-4CFA-A021-1CCBBB0CD696}"
EndProject
Project("{FAE04EC0-301F-11D3-BF4B-00C04F79EFBC}") = "Takeoff", "DataStructures\Arrays\1D\Takeoff\Takeoff.csproj", "{B8F5989F-397C-4252-990F-14726B8C937B}"
EndProject
Project("{FAE04EC0-301F-11D3-BF4B-00C04F79EFBC}") = "MaximizeTheEarning", "DataStructures\Arrays\1D\MaximizeTheEarning\MaximizeTheEarning.csproj", "{F2429FCC-F6AA-445E-8045-740487808665}"
EndProject
Project("{FAE04EC0-301F-11D3-BF4B-00C04F79EFBC}") = "StrangeGame", "DataStructures\Arrays\1D\StrangeGame\StrangeGame.csproj", "{593DEFDD-1B89-4F7E-AA32-1771C44BC323}"
EndProject
Project("{FAE04EC0-301F-11D3-BF4B-00C04F79EFBC}") = "PepperAndContiguousEvenSubarray", "DataStructures\Arrays\1D\PepperAndContiguousEvenSubarray\PepperAndContiguousEvenSubarray.csproj", "{CDBF1FD2-17FA-4925-8637-3A01C84B4AF0}"
EndProject
Project("{FAE04EC0-301F-11D3-BF4B-00C04F79EFBC}") = "NotInRange", "DataStructures\Arrays\1D\NotInRange\NotInRange.csproj", "{18A7C5EF-40B7-4818-B892-E90416223925}"
EndProject
Project("{FAE04EC0-301F-11D3-BF4B-00C04F79EFBC}") = "EEDCLab", "DataStructures\Arrays\1D\EEDCLab\EEDCLab.csproj", "{94833896-6959-4247-A6C5-7996763321D8}"
EndProject
Project("{FAE04EC0-301F-11D3-BF4B-00C04F79EFBC}") = "InfiniteArrays", "DataStructures\Arrays\1D\InfiniteArrays\InfiniteArrays.csproj", "{45FFB77D-82BD-4776-B14A-631C46BA0BD9}"
EndProject
Project("{FAE04EC0-301F-11D3-BF4B-00C04F79EFBC}") = "SmallestPositiveInteger", "Arena\SmallestPositiveInteger\SmallestPositiveInteger.csproj", "{F7DA1E47-EE5D-472E-8D8F-867258922A50}"
EndProject
Project("{FAE04EC0-301F-11D3-BF4B-00C04F79EFBC}") = "Remains", "Arena\Remains\Remains.csproj", "{46FA77C9-A2C5-449C-8A9E-EF021ED3F918}"
EndProject
Project("{2150E333-8FDC-42A3-9474-1A3956D46DE8}") = "Circuits", "Circuits", "{A2304EED-B4FA-4FFF-A421-C491F50B9F9A}"
EndProject
Project("{FAE04EC0-301F-11D3-BF4B-00C04F79EFBC}") = "SuperBalancedBraket", "Challenges\Circuits\July\SuperBalancedBraket\SuperBalancedBraket.csproj", "{7998C061-7A94-4C55-8F2C-788DC13AF18A}"
EndProject
Project("{2150E333-8FDC-42A3-9474-1A3956D46DE8}") = "July", "July", "{E89EBC25-8E04-44B4-AFE5-6E54ECF3FACE}"
EndProject
Project("{FAE04EC0-301F-11D3-BF4B-00C04F79EFBC}") = "SpecialBinaryTree", "Challenges\Circuits\July\SpecialBinaryTree\SpecialBinaryTree.csproj", "{5AA533D0-0A7F-4327-9B36-0EA0D1C439FA}"
EndProject
Project("{FAE04EC0-301F-11D3-BF4B-00C04F79EFBC}") = "Tiredness", "Challenges\Circuits\July\Tiredness\Tiredness.csproj", "{AE4B5DCB-BFDF-465A-ADEE-FB2A6387BDFB}"
EndProject
Project("{FAE04EC0-301F-11D3-BF4B-00C04F79EFBC}") = "TirednessGraphics", "Challenges\Circuits\July\TirednessGraphics\TirednessGraphics.csproj", "{669E6476-0708-485B-8A4F-FCA754B469E0}"
EndProject
Project("{FAE04EC0-301F-11D3-BF4B-00C04F79EFBC}") = "StrengthOfTtheGame", "Challenges\Circuits\July\StrengthOfTtheGame\StrengthOfTtheGame\StrengthOfTtheGame.csproj", "{7286297D-4BDB-464B-93B4-1128CDE76754}"
EndProject
Project("{FAE04EC0-301F-11D3-BF4B-00C04F79EFBC}") = "LostInTheCity", "Challenges\Circuits\July\LostInTheCity\LostInTheCity.csproj", "{37F09AB8-5A3E-4C3C-8A50-63ECBDB8E5C4}"
EndProject
Project("{FAE04EC0-301F-11D3-BF4B-00C04F79EFBC}") = "CountWaysToAssignUniqueCapToEveryPperson", "Challenges\Circuits\July\CountWaysToAssignUniqueCapToEveryPperson\CountWaysToAssignUniqueCapToEveryPperson.csproj", "{95586D2A-DB43-4C6F-AF83-4C407D86A86F}"
EndProject
Project("{2150E333-8FDC-42A3-9474-1A3956D46DE8}") = "Math", "Math", "{15F51430-9178-4319-8AEA-C5514026BE1C}"
EndProject
Project("{2150E333-8FDC-42A3-9474-1A3956D46DE8}") = "Basics of Combinatorics", "Basics of Combinatorics", "{CFF234C6-2698-4382-BD63-D1DCE51EC513}"
EndProject
Project("{2150E333-8FDC-42A3-9474-1A3956D46DE8}") = "Combinatorics", "Combinatorics", "{FC4A0C45-81B3-4BBD-996C-75860D0CF4B0}"
EndProject
Project("{FAE04EC0-301F-11D3-BF4B-00C04F79EFBC}") = "MonicaAndGamingObsession", "Math\Combinatorics\Basics of Combinatorics\MonicaAndGamingObsession\MonicaAndGamingObsession.csproj", "{06F7831F-B79E-43EC-888A-5A210CACD0D9}"
EndProject
Project("{FAE04EC0-301F-11D3-BF4B-00C04F79EFBC}") = "TicTacToe", "Arena\TicTacToe\TicTacToe.csproj", "{435BF188-9132-4D2A-895B-617DB9BCBE90}"
EndProject
Project("{2150E333-8FDC-42A3-9474-1A3956D46DE8}") = "Dynamic Programming", "Dynamic Programming", "{076E16C7-30D2-46E3-9196-16F316DEE764}"
EndProject
Project("{FAE04EC0-301F-11D3-BF4B-00C04F79EFBC}") = "Stairs", "DynamicProgramming\Stairs\Stairs.csproj", "{4317B87D-D61E-412F-964C-CDF20AE010D5}"
EndProject
Project("{2150E333-8FDC-42A3-9474-1A3956D46DE8}") = "HackerRank", "HackerRank", "{40DF01FF-D186-41A3-A58C-94071D0C3ED3}"
EndProject
Project("{2150E333-8FDC-42A3-9474-1A3956D46DE8}") = "30 Days of Code", "30 Days of Code", "{B09B2074-26D1-4CB5-AB51-FEE875DC4FF2}"
EndProject
Project("{FAE04EC0-301F-11D3-BF4B-00C04F79EFBC}") = "Operators", "HackerRank\30 Days of Code\Operators\Operators.csproj", "{2C43C3D6-E5D8-4134-AA09-EB616C7DE9D3}"
EndProject
Project("{FAE04EC0-301F-11D3-BF4B-00C04F79EFBC}") = "IntroConditionalStatements", "HackerRank\30 Days of Code\IntroConditionalStatements\IntroConditionalStatements.csproj", "{0291996F-C995-4362-A501-62B2D2F5B078}"
EndProject
Global
	GlobalSection(SolutionConfigurationPlatforms) = preSolution
		Debug|Any CPU = Debug|Any CPU
		Release|Any CPU = Release|Any CPU
	EndGlobalSection
	GlobalSection(ProjectConfigurationPlatforms) = postSolution
		{680225C3-1FF7-423F-820E-123B2C5BCF5A}.Debug|Any CPU.ActiveCfg = Debug|Any CPU
		{680225C3-1FF7-423F-820E-123B2C5BCF5A}.Debug|Any CPU.Build.0 = Debug|Any CPU
		{680225C3-1FF7-423F-820E-123B2C5BCF5A}.Release|Any CPU.ActiveCfg = Release|Any CPU
		{680225C3-1FF7-423F-820E-123B2C5BCF5A}.Release|Any CPU.Build.0 = Release|Any CPU
		{41DBB3BA-EBDD-4CB7-8295-37DBC5261C61}.Debug|Any CPU.ActiveCfg = Debug|Any CPU
		{41DBB3BA-EBDD-4CB7-8295-37DBC5261C61}.Debug|Any CPU.Build.0 = Debug|Any CPU
		{41DBB3BA-EBDD-4CB7-8295-37DBC5261C61}.Release|Any CPU.ActiveCfg = Release|Any CPU
		{41DBB3BA-EBDD-4CB7-8295-37DBC5261C61}.Release|Any CPU.Build.0 = Release|Any CPU
		{9CDEA2EE-4AA5-45C8-83FC-34533DF63008}.Debug|Any CPU.ActiveCfg = Debug|Any CPU
		{9CDEA2EE-4AA5-45C8-83FC-34533DF63008}.Debug|Any CPU.Build.0 = Debug|Any CPU
		{9CDEA2EE-4AA5-45C8-83FC-34533DF63008}.Release|Any CPU.ActiveCfg = Release|Any CPU
		{9CDEA2EE-4AA5-45C8-83FC-34533DF63008}.Release|Any CPU.Build.0 = Release|Any CPU
		{C82380D3-D7C1-48AA-9D20-B49B53463D69}.Debug|Any CPU.ActiveCfg = Debug|Any CPU
		{C82380D3-D7C1-48AA-9D20-B49B53463D69}.Debug|Any CPU.Build.0 = Debug|Any CPU
		{C82380D3-D7C1-48AA-9D20-B49B53463D69}.Release|Any CPU.ActiveCfg = Release|Any CPU
		{C82380D3-D7C1-48AA-9D20-B49B53463D69}.Release|Any CPU.Build.0 = Release|Any CPU
		{16D74626-E65F-4A46-B007-0628E90808CF}.Debug|Any CPU.ActiveCfg = Debug|Any CPU
		{16D74626-E65F-4A46-B007-0628E90808CF}.Debug|Any CPU.Build.0 = Debug|Any CPU
		{16D74626-E65F-4A46-B007-0628E90808CF}.Release|Any CPU.ActiveCfg = Release|Any CPU
		{16D74626-E65F-4A46-B007-0628E90808CF}.Release|Any CPU.Build.0 = Release|Any CPU
		{DB2C0EFD-4E74-4AAC-9DB2-4482B49558D5}.Debug|Any CPU.ActiveCfg = Debug|Any CPU
		{DB2C0EFD-4E74-4AAC-9DB2-4482B49558D5}.Debug|Any CPU.Build.0 = Debug|Any CPU
		{DB2C0EFD-4E74-4AAC-9DB2-4482B49558D5}.Release|Any CPU.ActiveCfg = Release|Any CPU
		{DB2C0EFD-4E74-4AAC-9DB2-4482B49558D5}.Release|Any CPU.Build.0 = Release|Any CPU
		{5F9800F1-FC7D-4B2B-A10C-05DB3F5AD839}.Debug|Any CPU.ActiveCfg = Debug|Any CPU
		{5F9800F1-FC7D-4B2B-A10C-05DB3F5AD839}.Debug|Any CPU.Build.0 = Debug|Any CPU
		{5F9800F1-FC7D-4B2B-A10C-05DB3F5AD839}.Release|Any CPU.ActiveCfg = Release|Any CPU
		{5F9800F1-FC7D-4B2B-A10C-05DB3F5AD839}.Release|Any CPU.Build.0 = Release|Any CPU
		{CD6B7306-FB49-4EF2-9DE4-65293FCAB42F}.Debug|Any CPU.ActiveCfg = Debug|Any CPU
		{CD6B7306-FB49-4EF2-9DE4-65293FCAB42F}.Debug|Any CPU.Build.0 = Debug|Any CPU
		{CD6B7306-FB49-4EF2-9DE4-65293FCAB42F}.Release|Any CPU.ActiveCfg = Release|Any CPU
		{CD6B7306-FB49-4EF2-9DE4-65293FCAB42F}.Release|Any CPU.Build.0 = Release|Any CPU
		{7D1AD4CC-5101-44EB-AFDC-A3A8DBE9E8C5}.Debug|Any CPU.ActiveCfg = Debug|Any CPU
		{7D1AD4CC-5101-44EB-AFDC-A3A8DBE9E8C5}.Debug|Any CPU.Build.0 = Debug|Any CPU
		{7D1AD4CC-5101-44EB-AFDC-A3A8DBE9E8C5}.Release|Any CPU.ActiveCfg = Release|Any CPU
		{7D1AD4CC-5101-44EB-AFDC-A3A8DBE9E8C5}.Release|Any CPU.Build.0 = Release|Any CPU
		{F3707DE4-525B-406C-AAEB-2FA35AB4B03B}.Debug|Any CPU.ActiveCfg = Debug|Any CPU
		{F3707DE4-525B-406C-AAEB-2FA35AB4B03B}.Debug|Any CPU.Build.0 = Debug|Any CPU
		{F3707DE4-525B-406C-AAEB-2FA35AB4B03B}.Release|Any CPU.ActiveCfg = Release|Any CPU
		{F3707DE4-525B-406C-AAEB-2FA35AB4B03B}.Release|Any CPU.Build.0 = Release|Any CPU
		{F303447E-A70B-4D4E-8FB9-C85DEC3C9A46}.Debug|Any CPU.ActiveCfg = Debug|Any CPU
		{F303447E-A70B-4D4E-8FB9-C85DEC3C9A46}.Debug|Any CPU.Build.0 = Debug|Any CPU
		{F303447E-A70B-4D4E-8FB9-C85DEC3C9A46}.Release|Any CPU.ActiveCfg = Release|Any CPU
		{F303447E-A70B-4D4E-8FB9-C85DEC3C9A46}.Release|Any CPU.Build.0 = Release|Any CPU
		{63B9DB8E-7923-4099-9622-890FD5C8FAEE}.Debug|Any CPU.ActiveCfg = Debug|Any CPU
		{63B9DB8E-7923-4099-9622-890FD5C8FAEE}.Debug|Any CPU.Build.0 = Debug|Any CPU
		{63B9DB8E-7923-4099-9622-890FD5C8FAEE}.Release|Any CPU.ActiveCfg = Release|Any CPU
		{63B9DB8E-7923-4099-9622-890FD5C8FAEE}.Release|Any CPU.Build.0 = Release|Any CPU
		{89CA0BFC-DC2A-4B45-BB68-4E991E02340A}.Debug|Any CPU.ActiveCfg = Debug|Any CPU
		{89CA0BFC-DC2A-4B45-BB68-4E991E02340A}.Debug|Any CPU.Build.0 = Debug|Any CPU
		{89CA0BFC-DC2A-4B45-BB68-4E991E02340A}.Release|Any CPU.ActiveCfg = Release|Any CPU
		{89CA0BFC-DC2A-4B45-BB68-4E991E02340A}.Release|Any CPU.Build.0 = Release|Any CPU
		{5B4FC235-55ED-4EBA-87C4-78F4EB12EABF}.Debug|Any CPU.ActiveCfg = Debug|Any CPU
		{5B4FC235-55ED-4EBA-87C4-78F4EB12EABF}.Debug|Any CPU.Build.0 = Debug|Any CPU
		{5B4FC235-55ED-4EBA-87C4-78F4EB12EABF}.Release|Any CPU.ActiveCfg = Release|Any CPU
		{5B4FC235-55ED-4EBA-87C4-78F4EB12EABF}.Release|Any CPU.Build.0 = Release|Any CPU
		{9EBB6474-DA5F-4E61-A65F-893073DC9CB2}.Debug|Any CPU.ActiveCfg = Debug|Any CPU
		{9EBB6474-DA5F-4E61-A65F-893073DC9CB2}.Debug|Any CPU.Build.0 = Debug|Any CPU
		{9EBB6474-DA5F-4E61-A65F-893073DC9CB2}.Release|Any CPU.ActiveCfg = Release|Any CPU
		{9EBB6474-DA5F-4E61-A65F-893073DC9CB2}.Release|Any CPU.Build.0 = Release|Any CPU
		{71395F86-1F9D-47D3-BDAA-11AE3B1DEAB5}.Debug|Any CPU.ActiveCfg = Debug|Any CPU
		{71395F86-1F9D-47D3-BDAA-11AE3B1DEAB5}.Debug|Any CPU.Build.0 = Debug|Any CPU
		{71395F86-1F9D-47D3-BDAA-11AE3B1DEAB5}.Release|Any CPU.ActiveCfg = Release|Any CPU
		{71395F86-1F9D-47D3-BDAA-11AE3B1DEAB5}.Release|Any CPU.Build.0 = Release|Any CPU
		{4E5BB469-12CF-475B-AA1E-08B0BA9BC561}.Debug|Any CPU.ActiveCfg = Debug|Any CPU
		{4E5BB469-12CF-475B-AA1E-08B0BA9BC561}.Debug|Any CPU.Build.0 = Debug|Any CPU
		{4E5BB469-12CF-475B-AA1E-08B0BA9BC561}.Release|Any CPU.ActiveCfg = Release|Any CPU
		{4E5BB469-12CF-475B-AA1E-08B0BA9BC561}.Release|Any CPU.Build.0 = Release|Any CPU
		{D8D63D25-2F5A-43F0-B767-14F0AB02AD74}.Debug|Any CPU.ActiveCfg = Debug|Any CPU
		{D8D63D25-2F5A-43F0-B767-14F0AB02AD74}.Debug|Any CPU.Build.0 = Debug|Any CPU
		{D8D63D25-2F5A-43F0-B767-14F0AB02AD74}.Release|Any CPU.ActiveCfg = Release|Any CPU
		{D8D63D25-2F5A-43F0-B767-14F0AB02AD74}.Release|Any CPU.Build.0 = Release|Any CPU
		{E0566EFC-4DA7-469A-AD59-8CEB3BD78E63}.Debug|Any CPU.ActiveCfg = Debug|Any CPU
		{E0566EFC-4DA7-469A-AD59-8CEB3BD78E63}.Debug|Any CPU.Build.0 = Debug|Any CPU
		{E0566EFC-4DA7-469A-AD59-8CEB3BD78E63}.Release|Any CPU.ActiveCfg = Release|Any CPU
		{E0566EFC-4DA7-469A-AD59-8CEB3BD78E63}.Release|Any CPU.Build.0 = Release|Any CPU
		{5243E52A-3868-4CD6-B86B-323B1093CEF8}.Debug|Any CPU.ActiveCfg = Debug|Any CPU
		{5243E52A-3868-4CD6-B86B-323B1093CEF8}.Debug|Any CPU.Build.0 = Debug|Any CPU
		{5243E52A-3868-4CD6-B86B-323B1093CEF8}.Release|Any CPU.ActiveCfg = Release|Any CPU
		{5243E52A-3868-4CD6-B86B-323B1093CEF8}.Release|Any CPU.Build.0 = Release|Any CPU
		{0A789C22-D0AD-4DB4-A737-5C5AF131E93B}.Debug|Any CPU.ActiveCfg = Debug|Any CPU
		{0A789C22-D0AD-4DB4-A737-5C5AF131E93B}.Debug|Any CPU.Build.0 = Debug|Any CPU
		{0A789C22-D0AD-4DB4-A737-5C5AF131E93B}.Release|Any CPU.ActiveCfg = Release|Any CPU
		{0A789C22-D0AD-4DB4-A737-5C5AF131E93B}.Release|Any CPU.Build.0 = Release|Any CPU
		{3592AF73-3A10-4256-BF7B-CE2CADBD4B50}.Debug|Any CPU.ActiveCfg = Debug|Any CPU
		{3592AF73-3A10-4256-BF7B-CE2CADBD4B50}.Debug|Any CPU.Build.0 = Debug|Any CPU
		{3592AF73-3A10-4256-BF7B-CE2CADBD4B50}.Release|Any CPU.ActiveCfg = Release|Any CPU
		{3592AF73-3A10-4256-BF7B-CE2CADBD4B50}.Release|Any CPU.Build.0 = Release|Any CPU
		{ED3FBCDE-0D1F-4BFA-8F87-76074216B1C3}.Debug|Any CPU.ActiveCfg = Debug|Any CPU
		{ED3FBCDE-0D1F-4BFA-8F87-76074216B1C3}.Debug|Any CPU.Build.0 = Debug|Any CPU
		{ED3FBCDE-0D1F-4BFA-8F87-76074216B1C3}.Release|Any CPU.ActiveCfg = Release|Any CPU
		{ED3FBCDE-0D1F-4BFA-8F87-76074216B1C3}.Release|Any CPU.Build.0 = Release|Any CPU
		{E78FE033-8835-42E2-A3A2-5F96A13FE546}.Debug|Any CPU.ActiveCfg = Debug|Any CPU
		{E78FE033-8835-42E2-A3A2-5F96A13FE546}.Debug|Any CPU.Build.0 = Debug|Any CPU
		{E78FE033-8835-42E2-A3A2-5F96A13FE546}.Release|Any CPU.ActiveCfg = Release|Any CPU
		{E78FE033-8835-42E2-A3A2-5F96A13FE546}.Release|Any CPU.Build.0 = Release|Any CPU
		{71C9D6A3-CF02-43C2-A6DF-E88C3F514D9C}.Debug|Any CPU.ActiveCfg = Debug|Any CPU
		{71C9D6A3-CF02-43C2-A6DF-E88C3F514D9C}.Debug|Any CPU.Build.0 = Debug|Any CPU
		{71C9D6A3-CF02-43C2-A6DF-E88C3F514D9C}.Release|Any CPU.ActiveCfg = Release|Any CPU
		{71C9D6A3-CF02-43C2-A6DF-E88C3F514D9C}.Release|Any CPU.Build.0 = Release|Any CPU
		{2DD6D63B-C84E-493F-B4E9-AF41B6B6749D}.Debug|Any CPU.ActiveCfg = Debug|Any CPU
		{2DD6D63B-C84E-493F-B4E9-AF41B6B6749D}.Debug|Any CPU.Build.0 = Debug|Any CPU
		{2DD6D63B-C84E-493F-B4E9-AF41B6B6749D}.Release|Any CPU.ActiveCfg = Release|Any CPU
		{2DD6D63B-C84E-493F-B4E9-AF41B6B6749D}.Release|Any CPU.Build.0 = Release|Any CPU
		{A306A14F-5F88-4234-BDC3-F63EADFF3DF6}.Debug|Any CPU.ActiveCfg = Debug|Any CPU
		{A306A14F-5F88-4234-BDC3-F63EADFF3DF6}.Debug|Any CPU.Build.0 = Debug|Any CPU
		{A306A14F-5F88-4234-BDC3-F63EADFF3DF6}.Release|Any CPU.ActiveCfg = Release|Any CPU
		{A306A14F-5F88-4234-BDC3-F63EADFF3DF6}.Release|Any CPU.Build.0 = Release|Any CPU
		{A9C5BF75-BBE2-4E8E-94D1-AD26DEE05E5E}.Debug|Any CPU.ActiveCfg = Debug|Any CPU
		{A9C5BF75-BBE2-4E8E-94D1-AD26DEE05E5E}.Debug|Any CPU.Build.0 = Debug|Any CPU
		{A9C5BF75-BBE2-4E8E-94D1-AD26DEE05E5E}.Release|Any CPU.ActiveCfg = Release|Any CPU
		{A9C5BF75-BBE2-4E8E-94D1-AD26DEE05E5E}.Release|Any CPU.Build.0 = Release|Any CPU
		{EEC93FFA-98CF-4650-AC6D-5DF87B9EE6CE}.Debug|Any CPU.ActiveCfg = Debug|Any CPU
		{EEC93FFA-98CF-4650-AC6D-5DF87B9EE6CE}.Debug|Any CPU.Build.0 = Debug|Any CPU
		{EEC93FFA-98CF-4650-AC6D-5DF87B9EE6CE}.Release|Any CPU.ActiveCfg = Release|Any CPU
		{EEC93FFA-98CF-4650-AC6D-5DF87B9EE6CE}.Release|Any CPU.Build.0 = Release|Any CPU
		{1FB7E9C8-CF2C-4269-8A10-35D1E1F6D7CE}.Debug|Any CPU.ActiveCfg = Debug|Any CPU
		{1FB7E9C8-CF2C-4269-8A10-35D1E1F6D7CE}.Debug|Any CPU.Build.0 = Debug|Any CPU
		{1FB7E9C8-CF2C-4269-8A10-35D1E1F6D7CE}.Release|Any CPU.ActiveCfg = Release|Any CPU
		{1FB7E9C8-CF2C-4269-8A10-35D1E1F6D7CE}.Release|Any CPU.Build.0 = Release|Any CPU
		{7DB32985-EE36-4424-AFB4-2E2345ABDE66}.Debug|Any CPU.ActiveCfg = Debug|Any CPU
		{7DB32985-EE36-4424-AFB4-2E2345ABDE66}.Debug|Any CPU.Build.0 = Debug|Any CPU
		{7DB32985-EE36-4424-AFB4-2E2345ABDE66}.Release|Any CPU.ActiveCfg = Release|Any CPU
		{7DB32985-EE36-4424-AFB4-2E2345ABDE66}.Release|Any CPU.Build.0 = Release|Any CPU
		{0E02B79A-4861-4E25-A5DD-30F58677691C}.Debug|Any CPU.ActiveCfg = Debug|Any CPU
		{0E02B79A-4861-4E25-A5DD-30F58677691C}.Debug|Any CPU.Build.0 = Debug|Any CPU
		{0E02B79A-4861-4E25-A5DD-30F58677691C}.Release|Any CPU.ActiveCfg = Release|Any CPU
		{0E02B79A-4861-4E25-A5DD-30F58677691C}.Release|Any CPU.Build.0 = Release|Any CPU
		{F74B6C44-9365-4979-B549-B63837692C1A}.Debug|Any CPU.ActiveCfg = Debug|Any CPU
		{F74B6C44-9365-4979-B549-B63837692C1A}.Debug|Any CPU.Build.0 = Debug|Any CPU
		{F74B6C44-9365-4979-B549-B63837692C1A}.Release|Any CPU.ActiveCfg = Release|Any CPU
		{F74B6C44-9365-4979-B549-B63837692C1A}.Release|Any CPU.Build.0 = Release|Any CPU
		{7A0D662F-B021-4DD0-B252-177DBD1D070E}.Debug|Any CPU.ActiveCfg = Debug|Any CPU
		{7A0D662F-B021-4DD0-B252-177DBD1D070E}.Debug|Any CPU.Build.0 = Debug|Any CPU
		{7A0D662F-B021-4DD0-B252-177DBD1D070E}.Release|Any CPU.ActiveCfg = Release|Any CPU
		{7A0D662F-B021-4DD0-B252-177DBD1D070E}.Release|Any CPU.Build.0 = Release|Any CPU
		{39D19382-0420-4998-8630-7F527973DEB9}.Debug|Any CPU.ActiveCfg = Debug|Any CPU
		{39D19382-0420-4998-8630-7F527973DEB9}.Debug|Any CPU.Build.0 = Debug|Any CPU
		{39D19382-0420-4998-8630-7F527973DEB9}.Release|Any CPU.ActiveCfg = Release|Any CPU
		{39D19382-0420-4998-8630-7F527973DEB9}.Release|Any CPU.Build.0 = Release|Any CPU
		{D69C5616-81E8-4C6D-9725-2742656233D0}.Debug|Any CPU.ActiveCfg = Debug|Any CPU
		{D69C5616-81E8-4C6D-9725-2742656233D0}.Debug|Any CPU.Build.0 = Debug|Any CPU
		{D69C5616-81E8-4C6D-9725-2742656233D0}.Release|Any CPU.ActiveCfg = Release|Any CPU
		{D69C5616-81E8-4C6D-9725-2742656233D0}.Release|Any CPU.Build.0 = Release|Any CPU
		{1F8BE10F-72C2-4D33-A784-FA0431DB69A9}.Debug|Any CPU.ActiveCfg = Debug|Any CPU
		{1F8BE10F-72C2-4D33-A784-FA0431DB69A9}.Debug|Any CPU.Build.0 = Debug|Any CPU
		{1F8BE10F-72C2-4D33-A784-FA0431DB69A9}.Release|Any CPU.ActiveCfg = Release|Any CPU
		{1F8BE10F-72C2-4D33-A784-FA0431DB69A9}.Release|Any CPU.Build.0 = Release|Any CPU
		{6BE98DCC-CF3D-4BF3-82F9-5279DED1A9C2}.Debug|Any CPU.ActiveCfg = Debug|Any CPU
		{6BE98DCC-CF3D-4BF3-82F9-5279DED1A9C2}.Debug|Any CPU.Build.0 = Debug|Any CPU
		{6BE98DCC-CF3D-4BF3-82F9-5279DED1A9C2}.Release|Any CPU.ActiveCfg = Release|Any CPU
		{6BE98DCC-CF3D-4BF3-82F9-5279DED1A9C2}.Release|Any CPU.Build.0 = Release|Any CPU
		{F013A3F3-264D-46AF-9AED-CE9BCE93387B}.Debug|Any CPU.ActiveCfg = Debug|Any CPU
		{F013A3F3-264D-46AF-9AED-CE9BCE93387B}.Debug|Any CPU.Build.0 = Debug|Any CPU
		{F013A3F3-264D-46AF-9AED-CE9BCE93387B}.Release|Any CPU.ActiveCfg = Release|Any CPU
		{F013A3F3-264D-46AF-9AED-CE9BCE93387B}.Release|Any CPU.Build.0 = Release|Any CPU
		{C2F17CEE-2DD5-4E4B-8A98-816A40D55734}.Debug|Any CPU.ActiveCfg = Debug|Any CPU
		{C2F17CEE-2DD5-4E4B-8A98-816A40D55734}.Debug|Any CPU.Build.0 = Debug|Any CPU
		{C2F17CEE-2DD5-4E4B-8A98-816A40D55734}.Release|Any CPU.ActiveCfg = Release|Any CPU
		{C2F17CEE-2DD5-4E4B-8A98-816A40D55734}.Release|Any CPU.Build.0 = Release|Any CPU
		{52FCEC1B-49E9-4425-8BB1-847FE675D3D5}.Debug|Any CPU.ActiveCfg = Debug|Any CPU
		{52FCEC1B-49E9-4425-8BB1-847FE675D3D5}.Debug|Any CPU.Build.0 = Debug|Any CPU
		{52FCEC1B-49E9-4425-8BB1-847FE675D3D5}.Release|Any CPU.ActiveCfg = Release|Any CPU
		{52FCEC1B-49E9-4425-8BB1-847FE675D3D5}.Release|Any CPU.Build.0 = Release|Any CPU
		{DDB2C26A-AC6F-4FD4-AF73-B6F159BCE914}.Debug|Any CPU.ActiveCfg = Debug|Any CPU
		{DDB2C26A-AC6F-4FD4-AF73-B6F159BCE914}.Debug|Any CPU.Build.0 = Debug|Any CPU
		{DDB2C26A-AC6F-4FD4-AF73-B6F159BCE914}.Release|Any CPU.ActiveCfg = Release|Any CPU
		{DDB2C26A-AC6F-4FD4-AF73-B6F159BCE914}.Release|Any CPU.Build.0 = Release|Any CPU
		{E92170FE-AB93-49D9-B989-FC69B4FB8D35}.Debug|Any CPU.ActiveCfg = Debug|Any CPU
		{E92170FE-AB93-49D9-B989-FC69B4FB8D35}.Debug|Any CPU.Build.0 = Debug|Any CPU
		{E92170FE-AB93-49D9-B989-FC69B4FB8D35}.Release|Any CPU.ActiveCfg = Release|Any CPU
		{E92170FE-AB93-49D9-B989-FC69B4FB8D35}.Release|Any CPU.Build.0 = Release|Any CPU
		{91A0A535-ED93-4182-B5B6-5EAD74465292}.Debug|Any CPU.ActiveCfg = Debug|Any CPU
		{91A0A535-ED93-4182-B5B6-5EAD74465292}.Debug|Any CPU.Build.0 = Debug|Any CPU
		{91A0A535-ED93-4182-B5B6-5EAD74465292}.Release|Any CPU.ActiveCfg = Release|Any CPU
		{91A0A535-ED93-4182-B5B6-5EAD74465292}.Release|Any CPU.Build.0 = Release|Any CPU
		{5C474CD7-429D-4C4D-95B2-4346FA1C9BAE}.Debug|Any CPU.ActiveCfg = Debug|Any CPU
		{5C474CD7-429D-4C4D-95B2-4346FA1C9BAE}.Debug|Any CPU.Build.0 = Debug|Any CPU
		{5C474CD7-429D-4C4D-95B2-4346FA1C9BAE}.Release|Any CPU.ActiveCfg = Release|Any CPU
		{5C474CD7-429D-4C4D-95B2-4346FA1C9BAE}.Release|Any CPU.Build.0 = Release|Any CPU
		{7E3077C9-E980-4A5E-B7DB-32E00D9E155D}.Debug|Any CPU.ActiveCfg = Debug|Any CPU
		{7E3077C9-E980-4A5E-B7DB-32E00D9E155D}.Debug|Any CPU.Build.0 = Debug|Any CPU
		{7E3077C9-E980-4A5E-B7DB-32E00D9E155D}.Release|Any CPU.ActiveCfg = Release|Any CPU
		{7E3077C9-E980-4A5E-B7DB-32E00D9E155D}.Release|Any CPU.Build.0 = Release|Any CPU
		{0310D532-BF1F-4FEA-9907-62BC313144EF}.Debug|Any CPU.ActiveCfg = Debug|Any CPU
		{0310D532-BF1F-4FEA-9907-62BC313144EF}.Debug|Any CPU.Build.0 = Debug|Any CPU
		{0310D532-BF1F-4FEA-9907-62BC313144EF}.Release|Any CPU.ActiveCfg = Release|Any CPU
		{0310D532-BF1F-4FEA-9907-62BC313144EF}.Release|Any CPU.Build.0 = Release|Any CPU
		{ECBABADF-DB5F-47DD-9BB4-7F3AC5E2C207}.Debug|Any CPU.ActiveCfg = Debug|Any CPU
		{ECBABADF-DB5F-47DD-9BB4-7F3AC5E2C207}.Debug|Any CPU.Build.0 = Debug|Any CPU
		{ECBABADF-DB5F-47DD-9BB4-7F3AC5E2C207}.Release|Any CPU.ActiveCfg = Release|Any CPU
		{ECBABADF-DB5F-47DD-9BB4-7F3AC5E2C207}.Release|Any CPU.Build.0 = Release|Any CPU
		{062BDD6E-ACF9-4DC8-AB52-1C6EE6021361}.Debug|Any CPU.ActiveCfg = Debug|Any CPU
		{062BDD6E-ACF9-4DC8-AB52-1C6EE6021361}.Debug|Any CPU.Build.0 = Debug|Any CPU
		{062BDD6E-ACF9-4DC8-AB52-1C6EE6021361}.Release|Any CPU.ActiveCfg = Release|Any CPU
		{062BDD6E-ACF9-4DC8-AB52-1C6EE6021361}.Release|Any CPU.Build.0 = Release|Any CPU
		{30047F9A-8FAD-4AEC-87DC-FE4590A92B37}.Debug|Any CPU.ActiveCfg = Debug|Any CPU
		{30047F9A-8FAD-4AEC-87DC-FE4590A92B37}.Debug|Any CPU.Build.0 = Debug|Any CPU
		{30047F9A-8FAD-4AEC-87DC-FE4590A92B37}.Release|Any CPU.ActiveCfg = Release|Any CPU
		{30047F9A-8FAD-4AEC-87DC-FE4590A92B37}.Release|Any CPU.Build.0 = Release|Any CPU
		{081BC6A4-EC71-498E-AAE8-71BC42CC5A3B}.Debug|Any CPU.ActiveCfg = Debug|Any CPU
		{081BC6A4-EC71-498E-AAE8-71BC42CC5A3B}.Debug|Any CPU.Build.0 = Debug|Any CPU
		{081BC6A4-EC71-498E-AAE8-71BC42CC5A3B}.Release|Any CPU.ActiveCfg = Release|Any CPU
		{081BC6A4-EC71-498E-AAE8-71BC42CC5A3B}.Release|Any CPU.Build.0 = Release|Any CPU
		{ABBA52C3-FEC2-4CFA-A021-1CCBBB0CD696}.Debug|Any CPU.ActiveCfg = Debug|Any CPU
		{ABBA52C3-FEC2-4CFA-A021-1CCBBB0CD696}.Debug|Any CPU.Build.0 = Debug|Any CPU
		{ABBA52C3-FEC2-4CFA-A021-1CCBBB0CD696}.Release|Any CPU.ActiveCfg = Release|Any CPU
		{ABBA52C3-FEC2-4CFA-A021-1CCBBB0CD696}.Release|Any CPU.Build.0 = Release|Any CPU
		{B8F5989F-397C-4252-990F-14726B8C937B}.Debug|Any CPU.ActiveCfg = Debug|Any CPU
		{B8F5989F-397C-4252-990F-14726B8C937B}.Debug|Any CPU.Build.0 = Debug|Any CPU
		{B8F5989F-397C-4252-990F-14726B8C937B}.Release|Any CPU.ActiveCfg = Release|Any CPU
		{B8F5989F-397C-4252-990F-14726B8C937B}.Release|Any CPU.Build.0 = Release|Any CPU
		{F2429FCC-F6AA-445E-8045-740487808665}.Debug|Any CPU.ActiveCfg = Debug|Any CPU
		{F2429FCC-F6AA-445E-8045-740487808665}.Debug|Any CPU.Build.0 = Debug|Any CPU
		{F2429FCC-F6AA-445E-8045-740487808665}.Release|Any CPU.ActiveCfg = Release|Any CPU
		{F2429FCC-F6AA-445E-8045-740487808665}.Release|Any CPU.Build.0 = Release|Any CPU
		{593DEFDD-1B89-4F7E-AA32-1771C44BC323}.Debug|Any CPU.ActiveCfg = Debug|Any CPU
		{593DEFDD-1B89-4F7E-AA32-1771C44BC323}.Debug|Any CPU.Build.0 = Debug|Any CPU
		{593DEFDD-1B89-4F7E-AA32-1771C44BC323}.Release|Any CPU.ActiveCfg = Release|Any CPU
		{593DEFDD-1B89-4F7E-AA32-1771C44BC323}.Release|Any CPU.Build.0 = Release|Any CPU
		{CDBF1FD2-17FA-4925-8637-3A01C84B4AF0}.Debug|Any CPU.ActiveCfg = Debug|Any CPU
		{CDBF1FD2-17FA-4925-8637-3A01C84B4AF0}.Debug|Any CPU.Build.0 = Debug|Any CPU
		{CDBF1FD2-17FA-4925-8637-3A01C84B4AF0}.Release|Any CPU.ActiveCfg = Release|Any CPU
		{CDBF1FD2-17FA-4925-8637-3A01C84B4AF0}.Release|Any CPU.Build.0 = Release|Any CPU
		{18A7C5EF-40B7-4818-B892-E90416223925}.Debug|Any CPU.ActiveCfg = Debug|Any CPU
		{18A7C5EF-40B7-4818-B892-E90416223925}.Debug|Any CPU.Build.0 = Debug|Any CPU
		{18A7C5EF-40B7-4818-B892-E90416223925}.Release|Any CPU.ActiveCfg = Release|Any CPU
		{18A7C5EF-40B7-4818-B892-E90416223925}.Release|Any CPU.Build.0 = Release|Any CPU
		{94833896-6959-4247-A6C5-7996763321D8}.Debug|Any CPU.ActiveCfg = Debug|Any CPU
		{94833896-6959-4247-A6C5-7996763321D8}.Debug|Any CPU.Build.0 = Debug|Any CPU
		{94833896-6959-4247-A6C5-7996763321D8}.Release|Any CPU.ActiveCfg = Release|Any CPU
		{94833896-6959-4247-A6C5-7996763321D8}.Release|Any CPU.Build.0 = Release|Any CPU
		{45FFB77D-82BD-4776-B14A-631C46BA0BD9}.Debug|Any CPU.ActiveCfg = Debug|Any CPU
		{45FFB77D-82BD-4776-B14A-631C46BA0BD9}.Debug|Any CPU.Build.0 = Debug|Any CPU
		{45FFB77D-82BD-4776-B14A-631C46BA0BD9}.Release|Any CPU.ActiveCfg = Release|Any CPU
		{45FFB77D-82BD-4776-B14A-631C46BA0BD9}.Release|Any CPU.Build.0 = Release|Any CPU
		{F7DA1E47-EE5D-472E-8D8F-867258922A50}.Debug|Any CPU.ActiveCfg = Debug|Any CPU
		{F7DA1E47-EE5D-472E-8D8F-867258922A50}.Debug|Any CPU.Build.0 = Debug|Any CPU
		{F7DA1E47-EE5D-472E-8D8F-867258922A50}.Release|Any CPU.ActiveCfg = Release|Any CPU
		{F7DA1E47-EE5D-472E-8D8F-867258922A50}.Release|Any CPU.Build.0 = Release|Any CPU
		{46FA77C9-A2C5-449C-8A9E-EF021ED3F918}.Debug|Any CPU.ActiveCfg = Debug|Any CPU
		{46FA77C9-A2C5-449C-8A9E-EF021ED3F918}.Debug|Any CPU.Build.0 = Debug|Any CPU
		{46FA77C9-A2C5-449C-8A9E-EF021ED3F918}.Release|Any CPU.ActiveCfg = Release|Any CPU
		{46FA77C9-A2C5-449C-8A9E-EF021ED3F918}.Release|Any CPU.Build.0 = Release|Any CPU
		{7998C061-7A94-4C55-8F2C-788DC13AF18A}.Debug|Any CPU.ActiveCfg = Debug|Any CPU
		{7998C061-7A94-4C55-8F2C-788DC13AF18A}.Debug|Any CPU.Build.0 = Debug|Any CPU
		{7998C061-7A94-4C55-8F2C-788DC13AF18A}.Release|Any CPU.ActiveCfg = Release|Any CPU
		{7998C061-7A94-4C55-8F2C-788DC13AF18A}.Release|Any CPU.Build.0 = Release|Any CPU
		{5AA533D0-0A7F-4327-9B36-0EA0D1C439FA}.Debug|Any CPU.ActiveCfg = Debug|Any CPU
		{5AA533D0-0A7F-4327-9B36-0EA0D1C439FA}.Debug|Any CPU.Build.0 = Debug|Any CPU
		{5AA533D0-0A7F-4327-9B36-0EA0D1C439FA}.Release|Any CPU.ActiveCfg = Release|Any CPU
		{5AA533D0-0A7F-4327-9B36-0EA0D1C439FA}.Release|Any CPU.Build.0 = Release|Any CPU
		{AE4B5DCB-BFDF-465A-ADEE-FB2A6387BDFB}.Debug|Any CPU.ActiveCfg = Debug|Any CPU
		{AE4B5DCB-BFDF-465A-ADEE-FB2A6387BDFB}.Debug|Any CPU.Build.0 = Debug|Any CPU
		{AE4B5DCB-BFDF-465A-ADEE-FB2A6387BDFB}.Release|Any CPU.ActiveCfg = Release|Any CPU
		{AE4B5DCB-BFDF-465A-ADEE-FB2A6387BDFB}.Release|Any CPU.Build.0 = Release|Any CPU
		{669E6476-0708-485B-8A4F-FCA754B469E0}.Debug|Any CPU.ActiveCfg = Debug|Any CPU
		{669E6476-0708-485B-8A4F-FCA754B469E0}.Debug|Any CPU.Build.0 = Debug|Any CPU
		{669E6476-0708-485B-8A4F-FCA754B469E0}.Release|Any CPU.ActiveCfg = Release|Any CPU
		{669E6476-0708-485B-8A4F-FCA754B469E0}.Release|Any CPU.Build.0 = Release|Any CPU
		{7286297D-4BDB-464B-93B4-1128CDE76754}.Debug|Any CPU.ActiveCfg = Debug|Any CPU
		{7286297D-4BDB-464B-93B4-1128CDE76754}.Debug|Any CPU.Build.0 = Debug|Any CPU
		{7286297D-4BDB-464B-93B4-1128CDE76754}.Release|Any CPU.ActiveCfg = Release|Any CPU
		{7286297D-4BDB-464B-93B4-1128CDE76754}.Release|Any CPU.Build.0 = Release|Any CPU
		{37F09AB8-5A3E-4C3C-8A50-63ECBDB8E5C4}.Debug|Any CPU.ActiveCfg = Debug|Any CPU
		{37F09AB8-5A3E-4C3C-8A50-63ECBDB8E5C4}.Debug|Any CPU.Build.0 = Debug|Any CPU
		{37F09AB8-5A3E-4C3C-8A50-63ECBDB8E5C4}.Release|Any CPU.ActiveCfg = Release|Any CPU
		{37F09AB8-5A3E-4C3C-8A50-63ECBDB8E5C4}.Release|Any CPU.Build.0 = Release|Any CPU
		{95586D2A-DB43-4C6F-AF83-4C407D86A86F}.Debug|Any CPU.ActiveCfg = Debug|Any CPU
		{95586D2A-DB43-4C6F-AF83-4C407D86A86F}.Debug|Any CPU.Build.0 = Debug|Any CPU
		{95586D2A-DB43-4C6F-AF83-4C407D86A86F}.Release|Any CPU.ActiveCfg = Release|Any CPU
		{95586D2A-DB43-4C6F-AF83-4C407D86A86F}.Release|Any CPU.Build.0 = Release|Any CPU
		{06F7831F-B79E-43EC-888A-5A210CACD0D9}.Debug|Any CPU.ActiveCfg = Debug|Any CPU
		{06F7831F-B79E-43EC-888A-5A210CACD0D9}.Debug|Any CPU.Build.0 = Debug|Any CPU
		{06F7831F-B79E-43EC-888A-5A210CACD0D9}.Release|Any CPU.ActiveCfg = Release|Any CPU
		{06F7831F-B79E-43EC-888A-5A210CACD0D9}.Release|Any CPU.Build.0 = Release|Any CPU
		{435BF188-9132-4D2A-895B-617DB9BCBE90}.Debug|Any CPU.ActiveCfg = Debug|Any CPU
		{435BF188-9132-4D2A-895B-617DB9BCBE90}.Debug|Any CPU.Build.0 = Debug|Any CPU
		{435BF188-9132-4D2A-895B-617DB9BCBE90}.Release|Any CPU.ActiveCfg = Release|Any CPU
		{435BF188-9132-4D2A-895B-617DB9BCBE90}.Release|Any CPU.Build.0 = Release|Any CPU
		{4317B87D-D61E-412F-964C-CDF20AE010D5}.Debug|Any CPU.ActiveCfg = Debug|Any CPU
		{4317B87D-D61E-412F-964C-CDF20AE010D5}.Debug|Any CPU.Build.0 = Debug|Any CPU
		{4317B87D-D61E-412F-964C-CDF20AE010D5}.Release|Any CPU.ActiveCfg = Release|Any CPU
		{4317B87D-D61E-412F-964C-CDF20AE010D5}.Release|Any CPU.Build.0 = Release|Any CPU
		{2C43C3D6-E5D8-4134-AA09-EB616C7DE9D3}.Debug|Any CPU.ActiveCfg = Debug|Any CPU
		{2C43C3D6-E5D8-4134-AA09-EB616C7DE9D3}.Debug|Any CPU.Build.0 = Debug|Any CPU
		{2C43C3D6-E5D8-4134-AA09-EB616C7DE9D3}.Release|Any CPU.ActiveCfg = Release|Any CPU
		{2C43C3D6-E5D8-4134-AA09-EB616C7DE9D3}.Release|Any CPU.Build.0 = Release|Any CPU
		{0291996F-C995-4362-A501-62B2D2F5B078}.Debug|Any CPU.ActiveCfg = Debug|Any CPU
		{0291996F-C995-4362-A501-62B2D2F5B078}.Debug|Any CPU.Build.0 = Debug|Any CPU
		{0291996F-C995-4362-A501-62B2D2F5B078}.Release|Any CPU.ActiveCfg = Release|Any CPU
		{0291996F-C995-4362-A501-62B2D2F5B078}.Release|Any CPU.Build.0 = Release|Any CPU
	EndGlobalSection
	GlobalSection(SolutionProperties) = preSolution
		HideSolutionNode = FALSE
	EndGlobalSection
	GlobalSection(NestedProjects) = preSolution
		{6D35131E-140A-4139-88F3-B9B02B488422} = {3F4F6CC7-DB40-4FC9-84CA-45BF19E266BE}
		{680225C3-1FF7-423F-820E-123B2C5BCF5A} = {6D35131E-140A-4139-88F3-B9B02B488422}
		{41DBB3BA-EBDD-4CB7-8295-37DBC5261C61} = {6D35131E-140A-4139-88F3-B9B02B488422}
		{9CDEA2EE-4AA5-45C8-83FC-34533DF63008} = {6D35131E-140A-4139-88F3-B9B02B488422}
		{C82380D3-D7C1-48AA-9D20-B49B53463D69} = {6D35131E-140A-4139-88F3-B9B02B488422}
		{16D74626-E65F-4A46-B007-0628E90808CF} = {6D35131E-140A-4139-88F3-B9B02B488422}
		{DB2C0EFD-4E74-4AAC-9DB2-4482B49558D5} = {6D35131E-140A-4139-88F3-B9B02B488422}
		{5F9800F1-FC7D-4B2B-A10C-05DB3F5AD839} = {6D35131E-140A-4139-88F3-B9B02B488422}
		{CD6B7306-FB49-4EF2-9DE4-65293FCAB42F} = {6D35131E-140A-4139-88F3-B9B02B488422}
		{7D1AD4CC-5101-44EB-AFDC-A3A8DBE9E8C5} = {6D35131E-140A-4139-88F3-B9B02B488422}
		{F3707DE4-525B-406C-AAEB-2FA35AB4B03B} = {6D35131E-140A-4139-88F3-B9B02B488422}
		{F303447E-A70B-4D4E-8FB9-C85DEC3C9A46} = {6D35131E-140A-4139-88F3-B9B02B488422}
		{63B9DB8E-7923-4099-9622-890FD5C8FAEE} = {6D35131E-140A-4139-88F3-B9B02B488422}
		{89CA0BFC-DC2A-4B45-BB68-4E991E02340A} = {6D35131E-140A-4139-88F3-B9B02B488422}
		{5B4FC235-55ED-4EBA-87C4-78F4EB12EABF} = {6D35131E-140A-4139-88F3-B9B02B488422}
		{9EBB6474-DA5F-4E61-A65F-893073DC9CB2} = {6D35131E-140A-4139-88F3-B9B02B488422}
		{71395F86-1F9D-47D3-BDAA-11AE3B1DEAB5} = {6D35131E-140A-4139-88F3-B9B02B488422}
		{4E5BB469-12CF-475B-AA1E-08B0BA9BC561} = {6D35131E-140A-4139-88F3-B9B02B488422}
		{D8D63D25-2F5A-43F0-B767-14F0AB02AD74} = {6D35131E-140A-4139-88F3-B9B02B488422}
		{E0566EFC-4DA7-469A-AD59-8CEB3BD78E63} = {6D35131E-140A-4139-88F3-B9B02B488422}
		{5243E52A-3868-4CD6-B86B-323B1093CEF8} = {6D35131E-140A-4139-88F3-B9B02B488422}
		{0A789C22-D0AD-4DB4-A737-5C5AF131E93B} = {6D35131E-140A-4139-88F3-B9B02B488422}
		{3592AF73-3A10-4256-BF7B-CE2CADBD4B50} = {6D35131E-140A-4139-88F3-B9B02B488422}
		{ED3FBCDE-0D1F-4BFA-8F87-76074216B1C3} = {6D35131E-140A-4139-88F3-B9B02B488422}
		{E78FE033-8835-42E2-A3A2-5F96A13FE546} = {6D35131E-140A-4139-88F3-B9B02B488422}
		{71C9D6A3-CF02-43C2-A6DF-E88C3F514D9C} = {6D35131E-140A-4139-88F3-B9B02B488422}
		{2DD6D63B-C84E-493F-B4E9-AF41B6B6749D} = {6D35131E-140A-4139-88F3-B9B02B488422}
		{A306A14F-5F88-4234-BDC3-F63EADFF3DF6} = {6D35131E-140A-4139-88F3-B9B02B488422}
		{A9C5BF75-BBE2-4E8E-94D1-AD26DEE05E5E} = {6D35131E-140A-4139-88F3-B9B02B488422}
		{E8E0AC3F-9556-42B7-A4EE-94B0D441DFE8} = {3F4F6CC7-DB40-4FC9-84CA-45BF19E266BE}
		{EEC93FFA-98CF-4650-AC6D-5DF87B9EE6CE} = {E8E0AC3F-9556-42B7-A4EE-94B0D441DFE8}
		{F75D537F-BFF4-4E99-9DE4-942AB4547BE1} = {3F4F6CC7-DB40-4FC9-84CA-45BF19E266BE}
		{1FB7E9C8-CF2C-4269-8A10-35D1E1F6D7CE} = {F75D537F-BFF4-4E99-9DE4-942AB4547BE1}
		{7DB32985-EE36-4424-AFB4-2E2345ABDE66} = {F75D537F-BFF4-4E99-9DE4-942AB4547BE1}
		{0E02B79A-4861-4E25-A5DD-30F58677691C} = {F75D537F-BFF4-4E99-9DE4-942AB4547BE1}
		{EE2916D1-C1ED-4EBB-8E54-16A2FA7D36CC} = {3F4F6CC7-DB40-4FC9-84CA-45BF19E266BE}
		{F74B6C44-9365-4979-B549-B63837692C1A} = {EE2916D1-C1ED-4EBB-8E54-16A2FA7D36CC}
		{7A0D662F-B021-4DD0-B252-177DBD1D070E} = {EE2916D1-C1ED-4EBB-8E54-16A2FA7D36CC}
		{39D19382-0420-4998-8630-7F527973DEB9} = {EE2916D1-C1ED-4EBB-8E54-16A2FA7D36CC}
		{D69C5616-81E8-4C6D-9725-2742656233D0} = {EE2916D1-C1ED-4EBB-8E54-16A2FA7D36CC}
		{1F8BE10F-72C2-4D33-A784-FA0431DB69A9} = {EE2916D1-C1ED-4EBB-8E54-16A2FA7D36CC}
		{926534E1-3DE2-421D-ADE7-FC87983DB19A} = {3F4F6CC7-DB40-4FC9-84CA-45BF19E266BE}
		{6BE98DCC-CF3D-4BF3-82F9-5279DED1A9C2} = {926534E1-3DE2-421D-ADE7-FC87983DB19A}
		{45CC8B8A-FAC7-49DE-91E6-72B116DBC812} = {8C1F52C8-1A0F-4B43-AFFB-F1FE4ED0A3E6}
		{F013A3F3-264D-46AF-9AED-CE9BCE93387B} = {45CC8B8A-FAC7-49DE-91E6-72B116DBC812}
		{64917CB7-8845-4452-A828-AB084F4131C1} = {95811617-0334-4686-BBE5-4EE045BAEBFD}
		{731385C9-FCAC-409B-8F94-E7BC4BD1693F} = {64917CB7-8845-4452-A828-AB084F4131C1}
		{C2F17CEE-2DD5-4E4B-8A98-816A40D55734} = {731385C9-FCAC-409B-8F94-E7BC4BD1693F}
		{52FCEC1B-49E9-4425-8BB1-847FE675D3D5} = {731385C9-FCAC-409B-8F94-E7BC4BD1693F}
		{DDB2C26A-AC6F-4FD4-AF73-B6F159BCE914} = {731385C9-FCAC-409B-8F94-E7BC4BD1693F}
		{E92170FE-AB93-49D9-B989-FC69B4FB8D35} = {731385C9-FCAC-409B-8F94-E7BC4BD1693F}
		{91A0A535-ED93-4182-B5B6-5EAD74465292} = {731385C9-FCAC-409B-8F94-E7BC4BD1693F}
		{5C474CD7-429D-4C4D-95B2-4346FA1C9BAE} = {731385C9-FCAC-409B-8F94-E7BC4BD1693F}
		{7321A45E-9671-439E-B153-15945693154E} = {8C1F52C8-1A0F-4B43-AFFB-F1FE4ED0A3E6}
		{7E3077C9-E980-4A5E-B7DB-32E00D9E155D} = {7321A45E-9671-439E-B153-15945693154E}
		{0310D532-BF1F-4FEA-9907-62BC313144EF} = {7321A45E-9671-439E-B153-15945693154E}
		{ECBABADF-DB5F-47DD-9BB4-7F3AC5E2C207} = {731385C9-FCAC-409B-8F94-E7BC4BD1693F}
		{062BDD6E-ACF9-4DC8-AB52-1C6EE6021361} = {731385C9-FCAC-409B-8F94-E7BC4BD1693F}
		{30047F9A-8FAD-4AEC-87DC-FE4590A92B37} = {731385C9-FCAC-409B-8F94-E7BC4BD1693F}
		{081BC6A4-EC71-498E-AAE8-71BC42CC5A3B} = {731385C9-FCAC-409B-8F94-E7BC4BD1693F}
		{ABBA52C3-FEC2-4CFA-A021-1CCBBB0CD696} = {731385C9-FCAC-409B-8F94-E7BC4BD1693F}
		{B8F5989F-397C-4252-990F-14726B8C937B} = {731385C9-FCAC-409B-8F94-E7BC4BD1693F}
		{F2429FCC-F6AA-445E-8045-740487808665} = {731385C9-FCAC-409B-8F94-E7BC4BD1693F}
		{593DEFDD-1B89-4F7E-AA32-1771C44BC323} = {731385C9-FCAC-409B-8F94-E7BC4BD1693F}
		{CDBF1FD2-17FA-4925-8637-3A01C84B4AF0} = {731385C9-FCAC-409B-8F94-E7BC4BD1693F}
		{18A7C5EF-40B7-4818-B892-E90416223925} = {731385C9-FCAC-409B-8F94-E7BC4BD1693F}
		{94833896-6959-4247-A6C5-7996763321D8} = {731385C9-FCAC-409B-8F94-E7BC4BD1693F}
		{45FFB77D-82BD-4776-B14A-631C46BA0BD9} = {731385C9-FCAC-409B-8F94-E7BC4BD1693F}
		{F7DA1E47-EE5D-472E-8D8F-867258922A50} = {45CC8B8A-FAC7-49DE-91E6-72B116DBC812}
		{46FA77C9-A2C5-449C-8A9E-EF021ED3F918} = {45CC8B8A-FAC7-49DE-91E6-72B116DBC812}
		{A2304EED-B4FA-4FFF-A421-C491F50B9F9A} = {8C1F52C8-1A0F-4B43-AFFB-F1FE4ED0A3E6}
		{7998C061-7A94-4C55-8F2C-788DC13AF18A} = {E89EBC25-8E04-44B4-AFE5-6E54ECF3FACE}
		{E89EBC25-8E04-44B4-AFE5-6E54ECF3FACE} = {A2304EED-B4FA-4FFF-A421-C491F50B9F9A}
		{5AA533D0-0A7F-4327-9B36-0EA0D1C439FA} = {E89EBC25-8E04-44B4-AFE5-6E54ECF3FACE}
		{AE4B5DCB-BFDF-465A-ADEE-FB2A6387BDFB} = {E89EBC25-8E04-44B4-AFE5-6E54ECF3FACE}
		{669E6476-0708-485B-8A4F-FCA754B469E0} = {E89EBC25-8E04-44B4-AFE5-6E54ECF3FACE}
		{7286297D-4BDB-464B-93B4-1128CDE76754} = {E89EBC25-8E04-44B4-AFE5-6E54ECF3FACE}
		{37F09AB8-5A3E-4C3C-8A50-63ECBDB8E5C4} = {E89EBC25-8E04-44B4-AFE5-6E54ECF3FACE}
		{95586D2A-DB43-4C6F-AF83-4C407D86A86F} = {E89EBC25-8E04-44B4-AFE5-6E54ECF3FACE}
		{CFF234C6-2698-4382-BD63-D1DCE51EC513} = {FC4A0C45-81B3-4BBD-996C-75860D0CF4B0}
		{FC4A0C45-81B3-4BBD-996C-75860D0CF4B0} = {15F51430-9178-4319-8AEA-C5514026BE1C}
		{06F7831F-B79E-43EC-888A-5A210CACD0D9} = {CFF234C6-2698-4382-BD63-D1DCE51EC513}
		{435BF188-9132-4D2A-895B-617DB9BCBE90} = {45CC8B8A-FAC7-49DE-91E6-72B116DBC812}
		{4317B87D-D61E-412F-964C-CDF20AE010D5} = {076E16C7-30D2-46E3-9196-16F316DEE764}
		{B09B2074-26D1-4CB5-AB51-FEE875DC4FF2} = {40DF01FF-D186-41A3-A58C-94071D0C3ED3}
		{2C43C3D6-E5D8-4134-AA09-EB616C7DE9D3} = {B09B2074-26D1-4CB5-AB51-FEE875DC4FF2}
		{0291996F-C995-4362-A501-62B2D2F5B078} = {B09B2074-26D1-4CB5-AB51-FEE875DC4FF2}
	EndGlobalSection
	GlobalSection(ExtensibilityGlobals) = postSolution
		SolutionGuid = {93CDDBDB-DB8F-43E8-BB1F-D3B36832D70E}
	EndGlobalSection
EndGlobal
