
Microsoft Visual Studio Solution File, Format Version 12.00
# Visual Studio 15
VisualStudioVersion = 15.0.28010.2026
MinimumVisualStudioVersion = 10.0.40219.1
Project("{2150E333-8FDC-42A3-9474-1A3956D46DE8}") = "BasicProgramming", "BasicProgramming", "{3F4F6CC7-DB40-4FC9-84CA-45BF19E266BE}"
EndProject
Project("{2150E333-8FDC-42A3-9474-1A3956D46DE8}") = "InputOutput", "InputOutput", "{6D35131E-140A-4139-88F3-B9B02B488422}"
EndProject
Project("{FAE04EC0-301F-11D3-BF4B-00C04F79EFBC}") = "SeatingArrangement", "SeatingArrangement\SeatingArrangement.csproj", "{680225C3-1FF7-423F-820E-123B2C5BCF5A}"
EndProject
Project("{FAE04EC0-301F-11D3-BF4B-00C04F79EFBC}") = "Anagrams", "Anagrams\Anagrams.csproj", "{41DBB3BA-EBDD-4CB7-8295-37DBC5261C61}"
EndProject
Project("{FAE04EC0-301F-11D3-BF4B-00C04F79EFBC}") = "PalindromicString", "PalindromicString\PalindromicString.csproj", "{9CDEA2EE-4AA5-45C8-83FC-34533DF63008}"
EndProject
Project("{FAE04EC0-301F-11D3-BF4B-00C04F79EFBC}") = "FindProduct", "FindProduct\FindProduct.csproj", "{C82380D3-D7C1-48AA-9D20-B49B53463D69}"
EndProject
Project("{FAE04EC0-301F-11D3-BF4B-00C04F79EFBC}") = "CostOfBalloons", "CostOfBalloons\CostOfBalloons.csproj", "{16D74626-E65F-4A46-B007-0628E90808CF}"
EndProject
Project("{FAE04EC0-301F-11D3-BF4B-00C04F79EFBC}") = "CountDivisors", "CountDivisors\CountDivisors.csproj", "{DB2C0EFD-4E74-4AAC-9DB2-4482B49558D5}"
EndProject
Project("{FAE04EC0-301F-11D3-BF4B-00C04F79EFBC}") = "Factorial", "Factorial\Factorial.csproj", "{5F9800F1-FC7D-4B2B-A10C-05DB3F5AD839}"
EndProject
Project("{FAE04EC0-301F-11D3-BF4B-00C04F79EFBC}") = "ToggleString", "ToggleString\ToggleString.csproj", "{CD6B7306-FB49-4EF2-9DE4-65293FCAB42F}"
EndProject
Project("{FAE04EC0-301F-11D3-BF4B-00C04F79EFBC}") = "RoyAndProfilePicture", "RoyAndProfilePicture\RoyAndProfilePicture.csproj", "{7D1AD4CC-5101-44EB-AFDC-A3A8DBE9E8C5}"
EndProject
Project("{FAE04EC0-301F-11D3-BF4B-00C04F79EFBC}") = "EmazeIn", "EmazeIn\EmazeIn.csproj", "{F3707DE4-525B-406C-AAEB-2FA35AB4B03B}"
EndProject
Project("{FAE04EC0-301F-11D3-BF4B-00C04F79EFBC}") = "BricksGame", "BricksGame\BricksGame.csproj", "{F303447E-A70B-4D4E-8FB9-C85DEC3C9A46}"
EndProject
Project("{FAE04EC0-301F-11D3-BF4B-00C04F79EFBC}") = "LiftQueries", "LiftQueries\LiftQueries.csproj", "{63B9DB8E-7923-4099-9622-890FD5C8FAEE}"
EndProject
Project("{FAE04EC0-301F-11D3-BF4B-00C04F79EFBC}") = "TwoStrings", "TwoStrings\TwoStrings.csproj", "{89CA0BFC-DC2A-4B45-BB68-4E991E02340A}"
EndProject
Project("{FAE04EC0-301F-11D3-BF4B-00C04F79EFBC}") = "AliAndHelpingInnocentPeople", "AliAndHelpingInnocentPeople\AliAndHelpingInnocentPeople.csproj", "{5B4FC235-55ED-4EBA-87C4-78F4EB12EABF}"
EndProject
Project("{FAE04EC0-301F-11D3-BF4B-00C04F79EFBC}") = "Duration", "Duration\Duration.csproj", "{9EBB6474-DA5F-4E61-A65F-893073DC9CB2}"
EndProject
Project("{FAE04EC0-301F-11D3-BF4B-00C04F79EFBC}") = "BookOfPotionMaking", "BookOfPotionMaking\BookOfPotionMaking.csproj", "{71395F86-1F9D-47D3-BDAA-11AE3B1DEAB5}"
EndProject
Project("{FAE04EC0-301F-11D3-BF4B-00C04F79EFBC}") = "Hello", "Hello\Hello.csproj", "{4E5BB469-12CF-475B-AA1E-08B0BA9BC561}"
EndProject
Project("{FAE04EC0-301F-11D3-BF4B-00C04F79EFBC}") = "AmanAndMrSharma", "AmanAndMrSharma\AmanAndMrSharma.csproj", "{D8D63D25-2F5A-43F0-B767-14F0AB02AD74}"
EndProject
Project("{FAE04EC0-301F-11D3-BF4B-00C04F79EFBC}") = "GokiAndHisBreakup", "GokiAndHisBreakup\GokiAndHisBreakup.csproj", "{E0566EFC-4DA7-469A-AD59-8CEB3BD78E63}"
EndProject
Project("{FAE04EC0-301F-11D3-BF4B-00C04F79EFBC}") = "LifeTheUniverseAndEverything", "LifeTheUniverseAndEverything\LifeTheUniverseAndEverything.csproj", "{5243E52A-3868-4CD6-B86B-323B1093CEF8}"
EndProject
Project("{FAE04EC0-301F-11D3-BF4B-00C04F79EFBC}") = "Ladderophilia", "Ladderophilia\Ladderophilia.csproj", "{0A789C22-D0AD-4DB4-A737-5C5AF131E93B}"
EndProject
Project("{FAE04EC0-301F-11D3-BF4B-00C04F79EFBC}") = "CharSum", "CharSum\CharSum.csproj", "{3592AF73-3A10-4256-BF7B-CE2CADBD4B50}"
EndProject
Project("{FAE04EC0-301F-11D3-BF4B-00C04F79EFBC}") = "PlayWithNumbers", "PlayWithNumbers\PlayWithNumbers.csproj", "{ED3FBCDE-0D1F-4BFA-8F87-76074216B1C3}"
EndProject
Project("{FAE04EC0-301F-11D3-BF4B-00C04F79EFBC}") = "SevenSegmentDisplay", "SevenSegmentDisplay\SevenSegmentDisplay.csproj", "{E78FE033-8835-42E2-A3A2-5F96A13FE546}"
EndProject
Project("{FAE04EC0-301F-11D3-BF4B-00C04F79EFBC}") = "BestIndex", "BestIndex\BestIndex.csproj", "{71C9D6A3-CF02-43C2-A6DF-E88C3F514D9C}"
EndProject
Project("{FAE04EC0-301F-11D3-BF4B-00C04F79EFBC}") = "Cipher", "Cipher\Cipher.csproj", "{2DD6D63B-C84E-493F-B4E9-AF41B6B6749D}"
EndProject
Project("{FAE04EC0-301F-11D3-BF4B-00C04F79EFBC}") = "MinimizeCost", "MinimizeCost\MinimizeCost.csproj", "{A306A14F-5F88-4234-BDC3-F63EADFF3DF6}"
EndProject
Project("{FAE04EC0-301F-11D3-BF4B-00C04F79EFBC}") = "MagicalWord", "MagicalWord\MagicalWord.csproj", "{A9C5BF75-BBE2-4E8E-94D1-AD26DEE05E5E}"
EndProject
Global
	GlobalSection(SolutionConfigurationPlatforms) = preSolution
		Debug|Any CPU = Debug|Any CPU
		Release|Any CPU = Release|Any CPU
	EndGlobalSection
	GlobalSection(ProjectConfigurationPlatforms) = postSolution
		{680225C3-1FF7-423F-820E-123B2C5BCF5A}.Debug|Any CPU.ActiveCfg = Debug|Any CPU
		{680225C3-1FF7-423F-820E-123B2C5BCF5A}.Debug|Any CPU.Build.0 = Debug|Any CPU
		{680225C3-1FF7-423F-820E-123B2C5BCF5A}.Release|Any CPU.ActiveCfg = Release|Any CPU
		{680225C3-1FF7-423F-820E-123B2C5BCF5A}.Release|Any CPU.Build.0 = Release|Any CPU
		{41DBB3BA-EBDD-4CB7-8295-37DBC5261C61}.Debug|Any CPU.ActiveCfg = Debug|Any CPU
		{41DBB3BA-EBDD-4CB7-8295-37DBC5261C61}.Debug|Any CPU.Build.0 = Debug|Any CPU
		{41DBB3BA-EBDD-4CB7-8295-37DBC5261C61}.Release|Any CPU.ActiveCfg = Release|Any CPU
		{41DBB3BA-EBDD-4CB7-8295-37DBC5261C61}.Release|Any CPU.Build.0 = Release|Any CPU
		{9CDEA2EE-4AA5-45C8-83FC-34533DF63008}.Debug|Any CPU.ActiveCfg = Debug|Any CPU
		{9CDEA2EE-4AA5-45C8-83FC-34533DF63008}.Debug|Any CPU.Build.0 = Debug|Any CPU
		{9CDEA2EE-4AA5-45C8-83FC-34533DF63008}.Release|Any CPU.ActiveCfg = Release|Any CPU
		{9CDEA2EE-4AA5-45C8-83FC-34533DF63008}.Release|Any CPU.Build.0 = Release|Any CPU
		{C82380D3-D7C1-48AA-9D20-B49B53463D69}.Debug|Any CPU.ActiveCfg = Debug|Any CPU
		{C82380D3-D7C1-48AA-9D20-B49B53463D69}.Debug|Any CPU.Build.0 = Debug|Any CPU
		{C82380D3-D7C1-48AA-9D20-B49B53463D69}.Release|Any CPU.ActiveCfg = Release|Any CPU
		{C82380D3-D7C1-48AA-9D20-B49B53463D69}.Release|Any CPU.Build.0 = Release|Any CPU
		{16D74626-E65F-4A46-B007-0628E90808CF}.Debug|Any CPU.ActiveCfg = Debug|Any CPU
		{16D74626-E65F-4A46-B007-0628E90808CF}.Debug|Any CPU.Build.0 = Debug|Any CPU
		{16D74626-E65F-4A46-B007-0628E90808CF}.Release|Any CPU.ActiveCfg = Release|Any CPU
		{16D74626-E65F-4A46-B007-0628E90808CF}.Release|Any CPU.Build.0 = Release|Any CPU
		{DB2C0EFD-4E74-4AAC-9DB2-4482B49558D5}.Debug|Any CPU.ActiveCfg = Debug|Any CPU
		{DB2C0EFD-4E74-4AAC-9DB2-4482B49558D5}.Debug|Any CPU.Build.0 = Debug|Any CPU
		{DB2C0EFD-4E74-4AAC-9DB2-4482B49558D5}.Release|Any CPU.ActiveCfg = Release|Any CPU
		{DB2C0EFD-4E74-4AAC-9DB2-4482B49558D5}.Release|Any CPU.Build.0 = Release|Any CPU
		{5F9800F1-FC7D-4B2B-A10C-05DB3F5AD839}.Debug|Any CPU.ActiveCfg = Debug|Any CPU
		{5F9800F1-FC7D-4B2B-A10C-05DB3F5AD839}.Debug|Any CPU.Build.0 = Debug|Any CPU
		{5F9800F1-FC7D-4B2B-A10C-05DB3F5AD839}.Release|Any CPU.ActiveCfg = Release|Any CPU
		{5F9800F1-FC7D-4B2B-A10C-05DB3F5AD839}.Release|Any CPU.Build.0 = Release|Any CPU
		{CD6B7306-FB49-4EF2-9DE4-65293FCAB42F}.Debug|Any CPU.ActiveCfg = Debug|Any CPU
		{CD6B7306-FB49-4EF2-9DE4-65293FCAB42F}.Debug|Any CPU.Build.0 = Debug|Any CPU
		{CD6B7306-FB49-4EF2-9DE4-65293FCAB42F}.Release|Any CPU.ActiveCfg = Release|Any CPU
		{CD6B7306-FB49-4EF2-9DE4-65293FCAB42F}.Release|Any CPU.Build.0 = Release|Any CPU
		{7D1AD4CC-5101-44EB-AFDC-A3A8DBE9E8C5}.Debug|Any CPU.ActiveCfg = Debug|Any CPU
		{7D1AD4CC-5101-44EB-AFDC-A3A8DBE9E8C5}.Debug|Any CPU.Build.0 = Debug|Any CPU
		{7D1AD4CC-5101-44EB-AFDC-A3A8DBE9E8C5}.Release|Any CPU.ActiveCfg = Release|Any CPU
		{7D1AD4CC-5101-44EB-AFDC-A3A8DBE9E8C5}.Release|Any CPU.Build.0 = Release|Any CPU
		{F3707DE4-525B-406C-AAEB-2FA35AB4B03B}.Debug|Any CPU.ActiveCfg = Debug|Any CPU
		{F3707DE4-525B-406C-AAEB-2FA35AB4B03B}.Debug|Any CPU.Build.0 = Debug|Any CPU
		{F3707DE4-525B-406C-AAEB-2FA35AB4B03B}.Release|Any CPU.ActiveCfg = Release|Any CPU
		{F3707DE4-525B-406C-AAEB-2FA35AB4B03B}.Release|Any CPU.Build.0 = Release|Any CPU
		{F303447E-A70B-4D4E-8FB9-C85DEC3C9A46}.Debug|Any CPU.ActiveCfg = Debug|Any CPU
		{F303447E-A70B-4D4E-8FB9-C85DEC3C9A46}.Debug|Any CPU.Build.0 = Debug|Any CPU
		{F303447E-A70B-4D4E-8FB9-C85DEC3C9A46}.Release|Any CPU.ActiveCfg = Release|Any CPU
		{F303447E-A70B-4D4E-8FB9-C85DEC3C9A46}.Release|Any CPU.Build.0 = Release|Any CPU
		{63B9DB8E-7923-4099-9622-890FD5C8FAEE}.Debug|Any CPU.ActiveCfg = Debug|Any CPU
		{63B9DB8E-7923-4099-9622-890FD5C8FAEE}.Debug|Any CPU.Build.0 = Debug|Any CPU
		{63B9DB8E-7923-4099-9622-890FD5C8FAEE}.Release|Any CPU.ActiveCfg = Release|Any CPU
		{63B9DB8E-7923-4099-9622-890FD5C8FAEE}.Release|Any CPU.Build.0 = Release|Any CPU
		{89CA0BFC-DC2A-4B45-BB68-4E991E02340A}.Debug|Any CPU.ActiveCfg = Debug|Any CPU
		{89CA0BFC-DC2A-4B45-BB68-4E991E02340A}.Debug|Any CPU.Build.0 = Debug|Any CPU
		{89CA0BFC-DC2A-4B45-BB68-4E991E02340A}.Release|Any CPU.ActiveCfg = Release|Any CPU
		{89CA0BFC-DC2A-4B45-BB68-4E991E02340A}.Release|Any CPU.Build.0 = Release|Any CPU
		{5B4FC235-55ED-4EBA-87C4-78F4EB12EABF}.Debug|Any CPU.ActiveCfg = Debug|Any CPU
		{5B4FC235-55ED-4EBA-87C4-78F4EB12EABF}.Debug|Any CPU.Build.0 = Debug|Any CPU
		{5B4FC235-55ED-4EBA-87C4-78F4EB12EABF}.Release|Any CPU.ActiveCfg = Release|Any CPU
		{5B4FC235-55ED-4EBA-87C4-78F4EB12EABF}.Release|Any CPU.Build.0 = Release|Any CPU
		{9EBB6474-DA5F-4E61-A65F-893073DC9CB2}.Debug|Any CPU.ActiveCfg = Debug|Any CPU
		{9EBB6474-DA5F-4E61-A65F-893073DC9CB2}.Debug|Any CPU.Build.0 = Debug|Any CPU
		{9EBB6474-DA5F-4E61-A65F-893073DC9CB2}.Release|Any CPU.ActiveCfg = Release|Any CPU
		{9EBB6474-DA5F-4E61-A65F-893073DC9CB2}.Release|Any CPU.Build.0 = Release|Any CPU
		{71395F86-1F9D-47D3-BDAA-11AE3B1DEAB5}.Debug|Any CPU.ActiveCfg = Debug|Any CPU
		{71395F86-1F9D-47D3-BDAA-11AE3B1DEAB5}.Debug|Any CPU.Build.0 = Debug|Any CPU
		{71395F86-1F9D-47D3-BDAA-11AE3B1DEAB5}.Release|Any CPU.ActiveCfg = Release|Any CPU
		{71395F86-1F9D-47D3-BDAA-11AE3B1DEAB5}.Release|Any CPU.Build.0 = Release|Any CPU
		{4E5BB469-12CF-475B-AA1E-08B0BA9BC561}.Debug|Any CPU.ActiveCfg = Debug|Any CPU
		{4E5BB469-12CF-475B-AA1E-08B0BA9BC561}.Debug|Any CPU.Build.0 = Debug|Any CPU
		{4E5BB469-12CF-475B-AA1E-08B0BA9BC561}.Release|Any CPU.ActiveCfg = Release|Any CPU
		{4E5BB469-12CF-475B-AA1E-08B0BA9BC561}.Release|Any CPU.Build.0 = Release|Any CPU
		{D8D63D25-2F5A-43F0-B767-14F0AB02AD74}.Debug|Any CPU.ActiveCfg = Debug|Any CPU
		{D8D63D25-2F5A-43F0-B767-14F0AB02AD74}.Debug|Any CPU.Build.0 = Debug|Any CPU
		{D8D63D25-2F5A-43F0-B767-14F0AB02AD74}.Release|Any CPU.ActiveCfg = Release|Any CPU
		{D8D63D25-2F5A-43F0-B767-14F0AB02AD74}.Release|Any CPU.Build.0 = Release|Any CPU
		{E0566EFC-4DA7-469A-AD59-8CEB3BD78E63}.Debug|Any CPU.ActiveCfg = Debug|Any CPU
		{E0566EFC-4DA7-469A-AD59-8CEB3BD78E63}.Debug|Any CPU.Build.0 = Debug|Any CPU
		{E0566EFC-4DA7-469A-AD59-8CEB3BD78E63}.Release|Any CPU.ActiveCfg = Release|Any CPU
		{E0566EFC-4DA7-469A-AD59-8CEB3BD78E63}.Release|Any CPU.Build.0 = Release|Any CPU
		{5243E52A-3868-4CD6-B86B-323B1093CEF8}.Debug|Any CPU.ActiveCfg = Debug|Any CPU
		{5243E52A-3868-4CD6-B86B-323B1093CEF8}.Debug|Any CPU.Build.0 = Debug|Any CPU
		{5243E52A-3868-4CD6-B86B-323B1093CEF8}.Release|Any CPU.ActiveCfg = Release|Any CPU
		{5243E52A-3868-4CD6-B86B-323B1093CEF8}.Release|Any CPU.Build.0 = Release|Any CPU
		{0A789C22-D0AD-4DB4-A737-5C5AF131E93B}.Debug|Any CPU.ActiveCfg = Debug|Any CPU
		{0A789C22-D0AD-4DB4-A737-5C5AF131E93B}.Debug|Any CPU.Build.0 = Debug|Any CPU
		{0A789C22-D0AD-4DB4-A737-5C5AF131E93B}.Release|Any CPU.ActiveCfg = Release|Any CPU
		{0A789C22-D0AD-4DB4-A737-5C5AF131E93B}.Release|Any CPU.Build.0 = Release|Any CPU
		{3592AF73-3A10-4256-BF7B-CE2CADBD4B50}.Debug|Any CPU.ActiveCfg = Debug|Any CPU
		{3592AF73-3A10-4256-BF7B-CE2CADBD4B50}.Debug|Any CPU.Build.0 = Debug|Any CPU
		{3592AF73-3A10-4256-BF7B-CE2CADBD4B50}.Release|Any CPU.ActiveCfg = Release|Any CPU
		{3592AF73-3A10-4256-BF7B-CE2CADBD4B50}.Release|Any CPU.Build.0 = Release|Any CPU
		{ED3FBCDE-0D1F-4BFA-8F87-76074216B1C3}.Debug|Any CPU.ActiveCfg = Debug|Any CPU
		{ED3FBCDE-0D1F-4BFA-8F87-76074216B1C3}.Debug|Any CPU.Build.0 = Debug|Any CPU
		{ED3FBCDE-0D1F-4BFA-8F87-76074216B1C3}.Release|Any CPU.ActiveCfg = Release|Any CPU
		{ED3FBCDE-0D1F-4BFA-8F87-76074216B1C3}.Release|Any CPU.Build.0 = Release|Any CPU
		{E78FE033-8835-42E2-A3A2-5F96A13FE546}.Debug|Any CPU.ActiveCfg = Debug|Any CPU
		{E78FE033-8835-42E2-A3A2-5F96A13FE546}.Debug|Any CPU.Build.0 = Debug|Any CPU
		{E78FE033-8835-42E2-A3A2-5F96A13FE546}.Release|Any CPU.ActiveCfg = Release|Any CPU
		{E78FE033-8835-42E2-A3A2-5F96A13FE546}.Release|Any CPU.Build.0 = Release|Any CPU
		{71C9D6A3-CF02-43C2-A6DF-E88C3F514D9C}.Debug|Any CPU.ActiveCfg = Debug|Any CPU
		{71C9D6A3-CF02-43C2-A6DF-E88C3F514D9C}.Debug|Any CPU.Build.0 = Debug|Any CPU
		{71C9D6A3-CF02-43C2-A6DF-E88C3F514D9C}.Release|Any CPU.ActiveCfg = Release|Any CPU
		{71C9D6A3-CF02-43C2-A6DF-E88C3F514D9C}.Release|Any CPU.Build.0 = Release|Any CPU
		{2DD6D63B-C84E-493F-B4E9-AF41B6B6749D}.Debug|Any CPU.ActiveCfg = Debug|Any CPU
		{2DD6D63B-C84E-493F-B4E9-AF41B6B6749D}.Debug|Any CPU.Build.0 = Debug|Any CPU
		{2DD6D63B-C84E-493F-B4E9-AF41B6B6749D}.Release|Any CPU.ActiveCfg = Release|Any CPU
		{2DD6D63B-C84E-493F-B4E9-AF41B6B6749D}.Release|Any CPU.Build.0 = Release|Any CPU
		{A306A14F-5F88-4234-BDC3-F63EADFF3DF6}.Debug|Any CPU.ActiveCfg = Debug|Any CPU
		{A306A14F-5F88-4234-BDC3-F63EADFF3DF6}.Debug|Any CPU.Build.0 = Debug|Any CPU
		{A306A14F-5F88-4234-BDC3-F63EADFF3DF6}.Release|Any CPU.ActiveCfg = Release|Any CPU
		{A306A14F-5F88-4234-BDC3-F63EADFF3DF6}.Release|Any CPU.Build.0 = Release|Any CPU
		{A9C5BF75-BBE2-4E8E-94D1-AD26DEE05E5E}.Debug|Any CPU.ActiveCfg = Debug|Any CPU
		{A9C5BF75-BBE2-4E8E-94D1-AD26DEE05E5E}.Debug|Any CPU.Build.0 = Debug|Any CPU
		{A9C5BF75-BBE2-4E8E-94D1-AD26DEE05E5E}.Release|Any CPU.ActiveCfg = Release|Any CPU
		{A9C5BF75-BBE2-4E8E-94D1-AD26DEE05E5E}.Release|Any CPU.Build.0 = Release|Any CPU
	EndGlobalSection
	GlobalSection(SolutionProperties) = preSolution
		HideSolutionNode = FALSE
	EndGlobalSection
	GlobalSection(NestedProjects) = preSolution
		{6D35131E-140A-4139-88F3-B9B02B488422} = {3F4F6CC7-DB40-4FC9-84CA-45BF19E266BE}
		{680225C3-1FF7-423F-820E-123B2C5BCF5A} = {6D35131E-140A-4139-88F3-B9B02B488422}
		{41DBB3BA-EBDD-4CB7-8295-37DBC5261C61} = {6D35131E-140A-4139-88F3-B9B02B488422}
		{9CDEA2EE-4AA5-45C8-83FC-34533DF63008} = {6D35131E-140A-4139-88F3-B9B02B488422}
		{C82380D3-D7C1-48AA-9D20-B49B53463D69} = {6D35131E-140A-4139-88F3-B9B02B488422}
		{16D74626-E65F-4A46-B007-0628E90808CF} = {6D35131E-140A-4139-88F3-B9B02B488422}
		{DB2C0EFD-4E74-4AAC-9DB2-4482B49558D5} = {6D35131E-140A-4139-88F3-B9B02B488422}
		{5F9800F1-FC7D-4B2B-A10C-05DB3F5AD839} = {6D35131E-140A-4139-88F3-B9B02B488422}
		{CD6B7306-FB49-4EF2-9DE4-65293FCAB42F} = {6D35131E-140A-4139-88F3-B9B02B488422}
		{7D1AD4CC-5101-44EB-AFDC-A3A8DBE9E8C5} = {6D35131E-140A-4139-88F3-B9B02B488422}
		{F3707DE4-525B-406C-AAEB-2FA35AB4B03B} = {6D35131E-140A-4139-88F3-B9B02B488422}
		{F303447E-A70B-4D4E-8FB9-C85DEC3C9A46} = {6D35131E-140A-4139-88F3-B9B02B488422}
		{63B9DB8E-7923-4099-9622-890FD5C8FAEE} = {6D35131E-140A-4139-88F3-B9B02B488422}
		{89CA0BFC-DC2A-4B45-BB68-4E991E02340A} = {6D35131E-140A-4139-88F3-B9B02B488422}
		{5B4FC235-55ED-4EBA-87C4-78F4EB12EABF} = {6D35131E-140A-4139-88F3-B9B02B488422}
		{9EBB6474-DA5F-4E61-A65F-893073DC9CB2} = {6D35131E-140A-4139-88F3-B9B02B488422}
		{71395F86-1F9D-47D3-BDAA-11AE3B1DEAB5} = {6D35131E-140A-4139-88F3-B9B02B488422}
		{4E5BB469-12CF-475B-AA1E-08B0BA9BC561} = {6D35131E-140A-4139-88F3-B9B02B488422}
		{D8D63D25-2F5A-43F0-B767-14F0AB02AD74} = {6D35131E-140A-4139-88F3-B9B02B488422}
		{E0566EFC-4DA7-469A-AD59-8CEB3BD78E63} = {6D35131E-140A-4139-88F3-B9B02B488422}
		{5243E52A-3868-4CD6-B86B-323B1093CEF8} = {6D35131E-140A-4139-88F3-B9B02B488422}
		{0A789C22-D0AD-4DB4-A737-5C5AF131E93B} = {6D35131E-140A-4139-88F3-B9B02B488422}
		{3592AF73-3A10-4256-BF7B-CE2CADBD4B50} = {6D35131E-140A-4139-88F3-B9B02B488422}
		{ED3FBCDE-0D1F-4BFA-8F87-76074216B1C3} = {6D35131E-140A-4139-88F3-B9B02B488422}
		{E78FE033-8835-42E2-A3A2-5F96A13FE546} = {6D35131E-140A-4139-88F3-B9B02B488422}
		{71C9D6A3-CF02-43C2-A6DF-E88C3F514D9C} = {6D35131E-140A-4139-88F3-B9B02B488422}
		{2DD6D63B-C84E-493F-B4E9-AF41B6B6749D} = {6D35131E-140A-4139-88F3-B9B02B488422}
		{A306A14F-5F88-4234-BDC3-F63EADFF3DF6} = {6D35131E-140A-4139-88F3-B9B02B488422}
		{A9C5BF75-BBE2-4E8E-94D1-AD26DEE05E5E} = {6D35131E-140A-4139-88F3-B9B02B488422}
	EndGlobalSection
	GlobalSection(ExtensibilityGlobals) = postSolution
		SolutionGuid = {93CDDBDB-DB8F-43E8-BB1F-D3B36832D70E}
	EndGlobalSection
EndGlobal
